{
  "originHash" : "b8e1168a560878d9e764f8abc1eccefc03a9557bf25ff9bcd36a045dce7bfe06",
  "pins" : [
    {
      "identity" : "gpuimage3",
      "kind" : "remoteSourceControl",
      "location" : "https://github.com/BradLarson/GPUImage3",
      "state" : {
        "branch" : "main",
        "revision" : "84466fc344e1220238c1c07e94e91207caaabe51"
      }
    }
  ],
  "version" : 3
}
