// !$*UTF8*$!
{
	archiveVersion = 1;
	classes = {
	};
	objectVersion = 56;
	objects = {

/* Begin PBXBuildFile section */
		840EC7F72BAAC6810049B06A /* AppDelegate.swift in Sources */ = {isa = PBXBuildFile; fileRef = 840EC7F62BAAC6810049B06A /* AppDelegate.swift */; };
		840EC8002BAAC6840049B06A /* Assets.xcassets in Resources */ = {isa = PBXBuildFile; fileRef = 840EC7FF2BAAC6840049B06A /* Assets.xcassets */; };
		840EC8032BAAC6840049B06A /* LaunchScreen.storyboard in Resources */ = {isa = PBXBuildFile; fileRef = 840EC8012BAAC6840049B06A /* LaunchScreen.storyboard */; };
		840EC8112BAACAF20049B06A /* XBaseViewController.swift in Sources */ = {isa = PBXBuildFile; fileRef = 840EC8102BAACAF20049B06A /* XBaseViewController.swift */; };
		840EC8132BAACBC10049B06A /* Global.swift in Sources */ = {isa = PBXBuildFile; fileRef = 840EC8122BAACBC10049B06A /* Global.swift */; };
		840EC81D2BAACC980049B06A /* ArrayExtensions.swift in Sources */ = {isa = PBXBuildFile; fileRef = 840EC8142BAACC970049B06A /* ArrayExtensions.swift */; };
		840EC81E2BAACC980049B06A /* StringExtension.swift in Sources */ = {isa = PBXBuildFile; fileRef = 840EC8152BAACC970049B06A /* StringExtension.swift */; };
		840EC81F2BAACC980049B06A /* UIDeviceExtension.swift in Sources */ = {isa = PBXBuildFile; fileRef = 840EC8162BAACC970049B06A /* UIDeviceExtension.swift */; };
		840EC8202BAACC980049B06A /* UIColorExtension.swift in Sources */ = {isa = PBXBuildFile; fileRef = 840EC8172BAACC970049B06A /* UIColorExtension.swift */; };
		840EC8212BAACC980049B06A /* UIViewExtension.swift in Sources */ = {isa = PBXBuildFile; fileRef = 840EC8182BAACC980049B06A /* UIViewExtension.swift */; };
		840EC8222BAACC980049B06A /* UIBarButtonItemExtension.swift in Sources */ = {isa = PBXBuildFile; fileRef = 840EC8192BAACC980049B06A /* UIBarButtonItemExtension.swift */; };
		840EC8232BAACC980049B06A /* DispatchQueueExtension.swift in Sources */ = {isa = PBXBuildFile; fileRef = 840EC81A2BAACC980049B06A /* DispatchQueueExtension.swift */; };
		840EC8242BAACC980049B06A /* DictionaryExtension.swift in Sources */ = {isa = PBXBuildFile; fileRef = 840EC81B2BAACC980049B06A /* DictionaryExtension.swift */; };
		840EC8252BAACC980049B06A /* UIImageExtensions.swift in Sources */ = {isa = PBXBuildFile; fileRef = 840EC81C2BAACC980049B06A /* UIImageExtensions.swift */; };
		840EC8272BAACF9D0049B06A /* XTabBarController.swift in Sources */ = {isa = PBXBuildFile; fileRef = 840EC8262BAACF9D0049B06A /* XTabBarController.swift */; };
		840EC8292BAAD0620049B06A /* XNavigationController.swift in Sources */ = {isa = PBXBuildFile; fileRef = 840EC8282BAAD0620049B06A /* XNavigationController.swift */; };
		840EC82B2BAAD0D30049B06A /* XWebViewController.swift in Sources */ = {isa = PBXBuildFile; fileRef = 840EC82A2BAAD0D30049B06A /* XWebViewController.swift */; };
		840EC82D2BAAD7670049B06A /* TestVC.swift in Sources */ = {isa = PBXBuildFile; fileRef = 840EC82C2BAAD7670049B06A /* TestVC.swift */; };
		841CE1192BB276AD0031A93A /* XProportionEnum.swift in Sources */ = {isa = PBXBuildFile; fileRef = 841CE1182BB276AD0031A93A /* XProportionEnum.swift */; };
		841CE11B2BB3C14D0031A93A /* XEditContainerView.swift in Sources */ = {isa = PBXBuildFile; fileRef = 841CE11A2BB3C14D0031A93A /* XEditContainerView.swift */; };
		841CE11F2BB41B2D0031A93A /* UIScrollViewExtensions.swift in Sources */ = {isa = PBXBuildFile; fileRef = 841CE11E2BB41B2D0031A93A /* UIScrollViewExtensions.swift */; };
		841CE1212BB421BE0031A93A /* XHUD.swift in Sources */ = {isa = PBXBuildFile; fileRef = 841CE1202BB421BE0031A93A /* XHUD.swift */; };
		841CE1242BB43A2D0031A93A /* XSuccessView.swift in Sources */ = {isa = PBXBuildFile; fileRef = 841CE1232BB43A2C0031A93A /* XSuccessView.swift */; };
		849144CD2BAFD7FA00444DD1 /* XBaseView.swift in Sources */ = {isa = PBXBuildFile; fileRef = 849144CC2BAFD7FA00444DD1 /* XBaseView.swift */; };
		849144CF2BAFDA4300444DD1 /* XBaseEditView.swift in Sources */ = {isa = PBXBuildFile; fileRef = 849144CE2BAFDA4300444DD1 /* XBaseEditView.swift */; };
		849144D32BAFDEBC00444DD1 /* XNormalLayoutView.swift in Sources */ = {isa = PBXBuildFile; fileRef = 849144D22BAFDEBC00444DD1 /* XNormalLayoutView.swift */; };
		849144D62BAFF1F900444DD1 /* CommonEnum.swift in Sources */ = {isa = PBXBuildFile; fileRef = 849144D52BAFF1F900444DD1 /* CommonEnum.swift */; };
		849144D82BAFF7D200444DD1 /* XEditInfo.swift in Sources */ = {isa = PBXBuildFile; fileRef = 849144D72BAFF7D200444DD1 /* XEditInfo.swift */; };
		84BDCF5E2BB116F500F43383 /* number_five_style_1.plist in Resources */ = {isa = PBXBuildFile; fileRef = 84BDCF452BB116F500F43383 /* number_five_style_1.plist */; };
		84BDCF5F2BB116F500F43383 /* number_five_style_2.plist in Resources */ = {isa = PBXBuildFile; fileRef = 84BDCF462BB116F500F43383 /* number_five_style_2.plist */; };
		84BDCF602BB116F500F43383 /* number_five_style_3.plist in Resources */ = {isa = PBXBuildFile; fileRef = 84BDCF472BB116F500F43383 /* number_five_style_3.plist */; };
		84BDCF612BB116F500F43383 /* number_five_style_4.plist in Resources */ = {isa = PBXBuildFile; fileRef = 84BDCF482BB116F500F43383 /* number_five_style_4.plist */; };
		84BDCF622BB116F500F43383 /* number_five_style_5.plist in Resources */ = {isa = PBXBuildFile; fileRef = 84BDCF492BB116F500F43383 /* number_five_style_5.plist */; };
		84BDCF632BB116F500F43383 /* number_five_style_6.plist in Resources */ = {isa = PBXBuildFile; fileRef = 84BDCF4A2BB116F500F43383 /* number_five_style_6.plist */; };
		84BDCF642BB116F500F43383 /* number_four_style_1.plist in Resources */ = {isa = PBXBuildFile; fileRef = 84BDCF4B2BB116F500F43383 /* number_four_style_1.plist */; };
		84BDCF652BB116F500F43383 /* number_four_style_2.plist in Resources */ = {isa = PBXBuildFile; fileRef = 84BDCF4C2BB116F500F43383 /* number_four_style_2.plist */; };
		84BDCF662BB116F500F43383 /* number_four_style_3.plist in Resources */ = {isa = PBXBuildFile; fileRef = 84BDCF4D2BB116F500F43383 /* number_four_style_3.plist */; };
		84BDCF672BB116F500F43383 /* number_four_style_4.plist in Resources */ = {isa = PBXBuildFile; fileRef = 84BDCF4E2BB116F500F43383 /* number_four_style_4.plist */; };
		84BDCF682BB116F500F43383 /* number_four_style_5.plist in Resources */ = {isa = PBXBuildFile; fileRef = 84BDCF4F2BB116F500F43383 /* number_four_style_5.plist */; };
		84BDCF692BB116F500F43383 /* number_four_style_6.plist in Resources */ = {isa = PBXBuildFile; fileRef = 84BDCF502BB116F500F43383 /* number_four_style_6.plist */; };
		84BDCF6A2BB116F500F43383 /* number_three_style_1.plist in Resources */ = {isa = PBXBuildFile; fileRef = 84BDCF512BB116F500F43383 /* number_three_style_1.plist */; };
		84BDCF6B2BB116F500F43383 /* number_three_style_2.plist in Resources */ = {isa = PBXBuildFile; fileRef = 84BDCF522BB116F500F43383 /* number_three_style_2.plist */; };
		84BDCF6C2BB116F500F43383 /* number_three_style_3.plist in Resources */ = {isa = PBXBuildFile; fileRef = 84BDCF532BB116F500F43383 /* number_three_style_3.plist */; };
		84BDCF6D2BB116F500F43383 /* number_three_style_4.plist in Resources */ = {isa = PBXBuildFile; fileRef = 84BDCF542BB116F500F43383 /* number_three_style_4.plist */; };
		84BDCF6E2BB116F500F43383 /* number_three_style_5.plist in Resources */ = {isa = PBXBuildFile; fileRef = 84BDCF552BB116F500F43383 /* number_three_style_5.plist */; };
		84BDCF6F2BB116F500F43383 /* number_three_style_6.plist in Resources */ = {isa = PBXBuildFile; fileRef = 84BDCF562BB116F500F43383 /* number_three_style_6.plist */; };
		84BDCF702BB116F500F43383 /* number_two_style_1.plist in Resources */ = {isa = PBXBuildFile; fileRef = 84BDCF572BB116F500F43383 /* number_two_style_1.plist */; };
		84BDCF712BB116F500F43383 /* number_two_style_2.plist in Resources */ = {isa = PBXBuildFile; fileRef = 84BDCF582BB116F500F43383 /* number_two_style_2.plist */; };
		84BDCF722BB116F500F43383 /* number_two_style_3.plist in Resources */ = {isa = PBXBuildFile; fileRef = 84BDCF592BB116F500F43383 /* number_two_style_3.plist */; };
		84BDCF732BB116F500F43383 /* number_two_style_4.plist in Resources */ = {isa = PBXBuildFile; fileRef = 84BDCF5A2BB116F500F43383 /* number_two_style_4.plist */; };
		84BDCF742BB116F500F43383 /* number_two_style_5.plist in Resources */ = {isa = PBXBuildFile; fileRef = 84BDCF5B2BB116F500F43383 /* number_two_style_5.plist */; };
		84BDCF752BB116F500F43383 /* number_two_style_6.plist in Resources */ = {isa = PBXBuildFile; fileRef = 84BDCF5C2BB116F500F43383 /* number_two_style_6.plist */; };
		84BDCFAB2BB118C000F43383 /* makecards_puzzle5_storyboard1_icon.png in Resources */ = {isa = PBXBuildFile; fileRef = 84BDCF762BB118C000F43383 /* makecards_puzzle5_storyboard1_icon.png */; };
		84BDCFAC2BB118C000F43383 /* makecards_puzzle5_storyboard1_icon@2x.png in Resources */ = {isa = PBXBuildFile; fileRef = 84BDCF772BB118C000F43383 /* makecards_puzzle5_storyboard1_icon@2x.png */; };
		84BDCFAD2BB118C000F43383 /* makecards_puzzle5_storyboard2_icon.png in Resources */ = {isa = PBXBuildFile; fileRef = 84BDCF782BB118C000F43383 /* makecards_puzzle5_storyboard2_icon.png */; };
		84BDCFAE2BB118C000F43383 /* makecards_puzzle5_storyboard2_icon@2x.png in Resources */ = {isa = PBXBuildFile; fileRef = 84BDCF792BB118C000F43383 /* makecards_puzzle5_storyboard2_icon@2x.png */; };
		84BDCFAF2BB118C000F43383 /* makecards_puzzle5_storyboard3_icon.png in Resources */ = {isa = PBXBuildFile; fileRef = 84BDCF7A2BB118C000F43383 /* makecards_puzzle5_storyboard3_icon.png */; };
		84BDCFB02BB118C000F43383 /* makecards_puzzle5_storyboard3_icon@2x.png in Resources */ = {isa = PBXBuildFile; fileRef = 84BDCF7B2BB118C000F43383 /* makecards_puzzle5_storyboard3_icon@2x.png */; };
		84BDCFB12BB118C000F43383 /* makecards_puzzle5_storyboard4_icon.png in Resources */ = {isa = PBXBuildFile; fileRef = 84BDCF7C2BB118C000F43383 /* makecards_puzzle5_storyboard4_icon.png */; };
		84BDCFB22BB118C000F43383 /* makecards_puzzle5_storyboard4_icon@2x.png in Resources */ = {isa = PBXBuildFile; fileRef = 84BDCF7D2BB118C000F43383 /* makecards_puzzle5_storyboard4_icon@2x.png */; };
		84BDCFB32BB118C000F43383 /* makecards_puzzle5_storyboard5_icon.png in Resources */ = {isa = PBXBuildFile; fileRef = 84BDCF7E2BB118C000F43383 /* makecards_puzzle5_storyboard5_icon.png */; };
		84BDCFB42BB118C000F43383 /* makecards_puzzle5_storyboard5_icon@2x.png in Resources */ = {isa = PBXBuildFile; fileRef = 84BDCF7F2BB118C000F43383 /* makecards_puzzle5_storyboard5_icon@2x.png */; };
		84BDCFB52BB118C000F43383 /* makecards_puzzle5_storyboard6_icon.png in Resources */ = {isa = PBXBuildFile; fileRef = 84BDCF802BB118C000F43383 /* makecards_puzzle5_storyboard6_icon.png */; };
		84BDCFB62BB118C000F43383 /* makecards_puzzle5_storyboard6_icon@2x.png in Resources */ = {isa = PBXBuildFile; fileRef = 84BDCF812BB118C000F43383 /* makecards_puzzle5_storyboard6_icon@2x.png */; };
		84BDCFB72BB118C000F43383 /* makecards_puzzle4_storyboard1_icon.png in Resources */ = {isa = PBXBuildFile; fileRef = 84BDCF832BB118C000F43383 /* makecards_puzzle4_storyboard1_icon.png */; };
		84BDCFB82BB118C000F43383 /* makecards_puzzle4_storyboard1_icon@2x.png in Resources */ = {isa = PBXBuildFile; fileRef = 84BDCF842BB118C000F43383 /* makecards_puzzle4_storyboard1_icon@2x.png */; };
		84BDCFB92BB118C000F43383 /* makecards_puzzle4_storyboard2_icon.png in Resources */ = {isa = PBXBuildFile; fileRef = 84BDCF852BB118C000F43383 /* makecards_puzzle4_storyboard2_icon.png */; };
		84BDCFBA2BB118C000F43383 /* makecards_puzzle4_storyboard2_icon@2x.png in Resources */ = {isa = PBXBuildFile; fileRef = 84BDCF862BB118C000F43383 /* makecards_puzzle4_storyboard2_icon@2x.png */; };
		84BDCFBB2BB118C000F43383 /* makecards_puzzle4_storyboard3_icon.png in Resources */ = {isa = PBXBuildFile; fileRef = 84BDCF872BB118C000F43383 /* makecards_puzzle4_storyboard3_icon.png */; };
		84BDCFBC2BB118C000F43383 /* makecards_puzzle4_storyboard3_icon@2x.png in Resources */ = {isa = PBXBuildFile; fileRef = 84BDCF882BB118C000F43383 /* makecards_puzzle4_storyboard3_icon@2x.png */; };
		84BDCFBD2BB118C000F43383 /* makecards_puzzle4_storyboard4_icon.png in Resources */ = {isa = PBXBuildFile; fileRef = 84BDCF892BB118C000F43383 /* makecards_puzzle4_storyboard4_icon.png */; };
		84BDCFBE2BB118C000F43383 /* makecards_puzzle4_storyboard4_icon@2x.png in Resources */ = {isa = PBXBuildFile; fileRef = 84BDCF8A2BB118C000F43383 /* makecards_puzzle4_storyboard4_icon@2x.png */; };
		84BDCFBF2BB118C000F43383 /* makecards_puzzle4_storyboard5_icon.png in Resources */ = {isa = PBXBuildFile; fileRef = 84BDCF8B2BB118C000F43383 /* makecards_puzzle4_storyboard5_icon.png */; };
		84BDCFC02BB118C000F43383 /* makecards_puzzle4_storyboard5_icon@2x.png in Resources */ = {isa = PBXBuildFile; fileRef = 84BDCF8C2BB118C000F43383 /* makecards_puzzle4_storyboard5_icon@2x.png */; };
		84BDCFC12BB118C000F43383 /* makecards_puzzle4_storyboard6_icon.png in Resources */ = {isa = PBXBuildFile; fileRef = 84BDCF8D2BB118C000F43383 /* makecards_puzzle4_storyboard6_icon.png */; };
		84BDCFC22BB118C000F43383 /* makecards_puzzle4_storyboard6_icon@2x.png in Resources */ = {isa = PBXBuildFile; fileRef = 84BDCF8E2BB118C000F43383 /* makecards_puzzle4_storyboard6_icon@2x.png */; };
		84BDCFC32BB118C000F43383 /* makecards_puzzle3_storyboard1_icon.png in Resources */ = {isa = PBXBuildFile; fileRef = 84BDCF902BB118C000F43383 /* makecards_puzzle3_storyboard1_icon.png */; };
		84BDCFC42BB118C000F43383 /* makecards_puzzle3_storyboard1_icon@2x.png in Resources */ = {isa = PBXBuildFile; fileRef = 84BDCF912BB118C000F43383 /* makecards_puzzle3_storyboard1_icon@2x.png */; };
		84BDCFC52BB118C000F43383 /* makecards_puzzle3_storyboard2_icon.png in Resources */ = {isa = PBXBuildFile; fileRef = 84BDCF922BB118C000F43383 /* makecards_puzzle3_storyboard2_icon.png */; };
		84BDCFC62BB118C000F43383 /* makecards_puzzle3_storyboard2_icon@2x.png in Resources */ = {isa = PBXBuildFile; fileRef = 84BDCF932BB118C000F43383 /* makecards_puzzle3_storyboard2_icon@2x.png */; };
		84BDCFC72BB118C000F43383 /* makecards_puzzle3_storyboard3_icon.png in Resources */ = {isa = PBXBuildFile; fileRef = 84BDCF942BB118C000F43383 /* makecards_puzzle3_storyboard3_icon.png */; };
		84BDCFC82BB118C000F43383 /* makecards_puzzle3_storyboard3_icon@2x.png in Resources */ = {isa = PBXBuildFile; fileRef = 84BDCF952BB118C000F43383 /* makecards_puzzle3_storyboard3_icon@2x.png */; };
		84BDCFC92BB118C000F43383 /* makecards_puzzle3_storyboard4_icon.png in Resources */ = {isa = PBXBuildFile; fileRef = 84BDCF962BB118C000F43383 /* makecards_puzzle3_storyboard4_icon.png */; };
		84BDCFCA2BB118C000F43383 /* makecards_puzzle3_storyboard4_icon@2x.png in Resources */ = {isa = PBXBuildFile; fileRef = 84BDCF972BB118C000F43383 /* makecards_puzzle3_storyboard4_icon@2x.png */; };
		84BDCFCB2BB118C000F43383 /* makecards_puzzle3_storyboard5_icon.png in Resources */ = {isa = PBXBuildFile; fileRef = 84BDCF982BB118C000F43383 /* makecards_puzzle3_storyboard5_icon.png */; };
		84BDCFCC2BB118C000F43383 /* makecards_puzzle3_storyboard5_icon@2x.png in Resources */ = {isa = PBXBuildFile; fileRef = 84BDCF992BB118C000F43383 /* makecards_puzzle3_storyboard5_icon@2x.png */; };
		84BDCFCD2BB118C000F43383 /* makecards_puzzle3_storyboard6_icon.png in Resources */ = {isa = PBXBuildFile; fileRef = 84BDCF9A2BB118C000F43383 /* makecards_puzzle3_storyboard6_icon.png */; };
		84BDCFCE2BB118C000F43383 /* makecards_puzzle3_storyboard6_icon@2x.png in Resources */ = {isa = PBXBuildFile; fileRef = 84BDCF9B2BB118C000F43383 /* makecards_puzzle3_storyboard6_icon@2x.png */; };
		84BDCFCF2BB118C000F43383 /* makecards_puzzle_storyboard1_icon.png in Resources */ = {isa = PBXBuildFile; fileRef = 84BDCF9D2BB118C000F43383 /* makecards_puzzle_storyboard1_icon.png */; };
		84BDCFD02BB118C000F43383 /* makecards_puzzle_storyboard1_icon@2x.png in Resources */ = {isa = PBXBuildFile; fileRef = 84BDCF9E2BB118C000F43383 /* makecards_puzzle_storyboard1_icon@2x.png */; };
		84BDCFD12BB118C000F43383 /* makecards_puzzle_storyboard2_icon.png in Resources */ = {isa = PBXBuildFile; fileRef = 84BDCF9F2BB118C000F43383 /* makecards_puzzle_storyboard2_icon.png */; };
		84BDCFD22BB118C000F43383 /* makecards_puzzle_storyboard2_icon@2x.png in Resources */ = {isa = PBXBuildFile; fileRef = 84BDCFA02BB118C000F43383 /* makecards_puzzle_storyboard2_icon@2x.png */; };
		84BDCFD32BB118C000F43383 /* makecards_puzzle_storyboard3_icon.png in Resources */ = {isa = PBXBuildFile; fileRef = 84BDCFA12BB118C000F43383 /* makecards_puzzle_storyboard3_icon.png */; };
		84BDCFD42BB118C000F43383 /* makecards_puzzle_storyboard3_icon@2x.png in Resources */ = {isa = PBXBuildFile; fileRef = 84BDCFA22BB118C000F43383 /* makecards_puzzle_storyboard3_icon@2x.png */; };
		84BDCFD52BB118C000F43383 /* makecards_puzzle_storyboard4_icon.png in Resources */ = {isa = PBXBuildFile; fileRef = 84BDCFA32BB118C000F43383 /* makecards_puzzle_storyboard4_icon.png */; };
		84BDCFD62BB118C000F43383 /* makecards_puzzle_storyboard4_icon@2x.png in Resources */ = {isa = PBXBuildFile; fileRef = 84BDCFA42BB118C000F43383 /* makecards_puzzle_storyboard4_icon@2x.png */; };
		84BDCFD72BB118C000F43383 /* makecards_puzzle_storyboard5_icon.png in Resources */ = {isa = PBXBuildFile; fileRef = 84BDCFA52BB118C000F43383 /* makecards_puzzle_storyboard5_icon.png */; };
		84BDCFD82BB118C000F43383 /* makecards_puzzle_storyboard5_icon@2x.png in Resources */ = {isa = PBXBuildFile; fileRef = 84BDCFA62BB118C000F43383 /* makecards_puzzle_storyboard5_icon@2x.png */; };
		84BDCFD92BB118C000F43383 /* makecards_puzzle_storyboard6_icon.png in Resources */ = {isa = PBXBuildFile; fileRef = 84BDCFA72BB118C000F43383 /* makecards_puzzle_storyboard6_icon.png */; };
		84BDCFDA2BB118C000F43383 /* makecards_puzzle_storyboard6_icon@2x.png in Resources */ = {isa = PBXBuildFile; fileRef = 84BDCFA82BB118C000F43383 /* makecards_puzzle_storyboard6_icon@2x.png */; };
		84BDCFDC2BB11D1A00F43383 /* XBaseCollectionViewCell.swift in Sources */ = {isa = PBXBuildFile; fileRef = 84BDCFDB2BB11D1A00F43383 /* XBaseCollectionViewCell.swift */; };
		84BDCFE02BB11E9200F43383 /* XBoardLayoutCell.swift in Sources */ = {isa = PBXBuildFile; fileRef = 84BDCFDF2BB11E9200F43383 /* XBoardLayoutCell.swift */; };
		84BDCFE22BB11FEC00F43383 /* XBoardListView.swift in Sources */ = {isa = PBXBuildFile; fileRef = 84BDCFE12BB11FEC00F43383 /* XBoardListView.swift */; };
		84BDCFE42BB16EF200F43383 /* number_three_style_3.json in Resources */ = {isa = PBXBuildFile; fileRef = 84BDCFE32BB16EF200F43383 /* number_three_style_3.json */; };
		84BDCFE62BB1704000F43383 /* XTemplateModel.swift in Sources */ = {isa = PBXBuildFile; fileRef = 84BDCFE52BB1704000F43383 /* XTemplateModel.swift */; };
		84BDCFE82BB179F100F43383 /* XTemplateTools.swift in Sources */ = {isa = PBXBuildFile; fileRef = 84BDCFE72BB179F100F43383 /* XTemplateTools.swift */; };
		84CB9E902BAADF5F00E29794 /* XModel.swift in Sources */ = {isa = PBXBuildFile; fileRef = 84CB9E8F2BAADF5F00E29794 /* XModel.swift */; };
		84CB9E922BAAE30900E29794 /* XAPI.swift in Sources */ = {isa = PBXBuildFile; fileRef = 84CB9E912BAAE30900E29794 /* XAPI.swift */; };
		84CB9E962BABD55800E29794 /* XBaseTableViewCell.swift in Sources */ = {isa = PBXBuildFile; fileRef = 84CB9E952BABD55800E29794 /* XBaseTableViewCell.swift */; };
		84CB9E9A2BAC1F7900E29794 /* test2.JPG in Resources */ = {isa = PBXBuildFile; fileRef = 84CB9E982BAC1F7900E29794 /* test2.JPG */; };
		84CB9E9B2BAC1F7900E29794 /* test1.JPG in Resources */ = {isa = PBXBuildFile; fileRef = 84CB9E992BAC1F7900E29794 /* test1.JPG */; };
		84CB9E9E2BAC20D300E29794 /* XTestImageEditView.swift in Sources */ = {isa = PBXBuildFile; fileRef = 84CB9E9D2BAC20D300E29794 /* XTestImageEditView.swift */; };
		84CB9EA02BAC239700E29794 /* XPuzzleViewController.swift in Sources */ = {isa = PBXBuildFile; fileRef = 84CB9E9F2BAC239700E29794 /* XPuzzleViewController.swift */; };
		84CB9EA22BAC514F00E29794 /* test3.jpg in Resources */ = {isa = PBXBuildFile; fileRef = 84CB9EA12BAC514F00E29794 /* test3.jpg */; };
		84CB9EA42BAC5C9300E29794 /* XImageEditView.swift in Sources */ = {isa = PBXBuildFile; fileRef = 84CB9EA32BAC5C9300E29794 /* XImageEditView.swift */; };
		D9F9D85364C16695723C00EA /* Pods_XLLightMagic.framework in Frameworks */ = {isa = PBXBuildFile; fileRef = 879B580117F8FF72526B77D2 /* Pods_XLLightMagic.framework */; };
/* End PBXBuildFile section */

/* Begin PBXFileReference section */
		840EC7F32BAAC6810049B06A /* XLLightMagic.app */ = {isa = PBXFileReference; explicitFileType = wrapper.application; includeInIndex = 0; path = XLLightMagic.app; sourceTree = BUILT_PRODUCTS_DIR; };
		840EC7F62BAAC6810049B06A /* AppDelegate.swift */ = {isa = PBXFileReference; lastKnownFileType = sourcecode.swift; path = AppDelegate.swift; sourceTree = "<group>"; };
		840EC7FF2BAAC6840049B06A /* Assets.xcassets */ = {isa = PBXFileReference; lastKnownFileType = folder.assetcatalog; path = Assets.xcassets; sourceTree = "<group>"; };
		840EC8022BAAC6840049B06A /* Base */ = {isa = PBXFileReference; lastKnownFileType = file.storyboard; name = Base; path = Base.lproj/LaunchScreen.storyboard; sourceTree = "<group>"; };
		840EC8042BAAC6840049B06A /* Info.plist */ = {isa = PBXFileReference; lastKnownFileType = text.plist.xml; path = Info.plist; sourceTree = "<group>"; };
		840EC8102BAACAF20049B06A /* XBaseViewController.swift */ = {isa = PBXFileReference; lastKnownFileType = sourcecode.swift; path = XBaseViewController.swift; sourceTree = "<group>"; };
		840EC8122BAACBC10049B06A /* Global.swift */ = {isa = PBXFileReference; lastKnownFileType = sourcecode.swift; path = Global.swift; sourceTree = "<group>"; };
		840EC8142BAACC970049B06A /* ArrayExtensions.swift */ = {isa = PBXFileReference; fileEncoding = 4; lastKnownFileType = sourcecode.swift; path = ArrayExtensions.swift; sourceTree = "<group>"; };
		840EC8152BAACC970049B06A /* StringExtension.swift */ = {isa = PBXFileReference; fileEncoding = 4; lastKnownFileType = sourcecode.swift; path = StringExtension.swift; sourceTree = "<group>"; };
		840EC8162BAACC970049B06A /* UIDeviceExtension.swift */ = {isa = PBXFileReference; fileEncoding = 4; lastKnownFileType = sourcecode.swift; path = UIDeviceExtension.swift; sourceTree = "<group>"; };
		840EC8172BAACC970049B06A /* UIColorExtension.swift */ = {isa = PBXFileReference; fileEncoding = 4; lastKnownFileType = sourcecode.swift; path = UIColorExtension.swift; sourceTree = "<group>"; };
		840EC8182BAACC980049B06A /* UIViewExtension.swift */ = {isa = PBXFileReference; fileEncoding = 4; lastKnownFileType = sourcecode.swift; path = UIViewExtension.swift; sourceTree = "<group>"; };
		840EC8192BAACC980049B06A /* UIBarButtonItemExtension.swift */ = {isa = PBXFileReference; fileEncoding = 4; lastKnownFileType = sourcecode.swift; path = UIBarButtonItemExtension.swift; sourceTree = "<group>"; };
		840EC81A2BAACC980049B06A /* DispatchQueueExtension.swift */ = {isa = PBXFileReference; fileEncoding = 4; lastKnownFileType = sourcecode.swift; path = DispatchQueueExtension.swift; sourceTree = "<group>"; };
		840EC81B2BAACC980049B06A /* DictionaryExtension.swift */ = {isa = PBXFileReference; fileEncoding = 4; lastKnownFileType = sourcecode.swift; path = DictionaryExtension.swift; sourceTree = "<group>"; };
		840EC81C2BAACC980049B06A /* UIImageExtensions.swift */ = {isa = PBXFileReference; fileEncoding = 4; lastKnownFileType = sourcecode.swift; path = UIImageExtensions.swift; sourceTree = "<group>"; };
		840EC8262BAACF9D0049B06A /* XTabBarController.swift */ = {isa = PBXFileReference; lastKnownFileType = sourcecode.swift; path = XTabBarController.swift; sourceTree = "<group>"; };
		840EC8282BAAD0620049B06A /* XNavigationController.swift */ = {isa = PBXFileReference; lastKnownFileType = sourcecode.swift; path = XNavigationController.swift; sourceTree = "<group>"; };
		840EC82A2BAAD0D30049B06A /* XWebViewController.swift */ = {isa = PBXFileReference; lastKnownFileType = sourcecode.swift; path = XWebViewController.swift; sourceTree = "<group>"; };
		840EC82C2BAAD7670049B06A /* TestVC.swift */ = {isa = PBXFileReference; lastKnownFileType = sourcecode.swift; path = TestVC.swift; sourceTree = "<group>"; };
		841CE1182BB276AD0031A93A /* XProportionEnum.swift */ = {isa = PBXFileReference; lastKnownFileType = sourcecode.swift; path = XProportionEnum.swift; sourceTree = "<group>"; };
		841CE11A2BB3C14D0031A93A /* XEditContainerView.swift */ = {isa = PBXFileReference; lastKnownFileType = sourcecode.swift; path = XEditContainerView.swift; sourceTree = "<group>"; };
		841CE11E2BB41B2D0031A93A /* UIScrollViewExtensions.swift */ = {isa = PBXFileReference; fileEncoding = 4; lastKnownFileType = sourcecode.swift; path = UIScrollViewExtensions.swift; sourceTree = "<group>"; };
		841CE1202BB421BE0031A93A /* XHUD.swift */ = {isa = PBXFileReference; lastKnownFileType = sourcecode.swift; path = XHUD.swift; sourceTree = "<group>"; };
		841CE1232BB43A2C0031A93A /* XSuccessView.swift */ = {isa = PBXFileReference; lastKnownFileType = sourcecode.swift; path = XSuccessView.swift; sourceTree = "<group>"; };
		849144CC2BAFD7FA00444DD1 /* XBaseView.swift */ = {isa = PBXFileReference; lastKnownFileType = sourcecode.swift; path = XBaseView.swift; sourceTree = "<group>"; };
		849144CE2BAFDA4300444DD1 /* XBaseEditView.swift */ = {isa = PBXFileReference; lastKnownFileType = sourcecode.swift; path = XBaseEditView.swift; sourceTree = "<group>"; };
		849144D22BAFDEBC00444DD1 /* XNormalLayoutView.swift */ = {isa = PBXFileReference; lastKnownFileType = sourcecode.swift; path = XNormalLayoutView.swift; sourceTree = "<group>"; };
		849144D52BAFF1F900444DD1 /* CommonEnum.swift */ = {isa = PBXFileReference; lastKnownFileType = sourcecode.swift; path = CommonEnum.swift; sourceTree = "<group>"; };
		849144D72BAFF7D200444DD1 /* XEditInfo.swift */ = {isa = PBXFileReference; lastKnownFileType = sourcecode.swift; path = XEditInfo.swift; sourceTree = "<group>"; };
		84BDCF452BB116F500F43383 /* number_five_style_1.plist */ = {isa = PBXFileReference; fileEncoding = 4; lastKnownFileType = text.plist.xml; path = number_five_style_1.plist; sourceTree = "<group>"; };
		84BDCF462BB116F500F43383 /* number_five_style_2.plist */ = {isa = PBXFileReference; fileEncoding = 4; lastKnownFileType = text.plist.xml; path = number_five_style_2.plist; sourceTree = "<group>"; };
		84BDCF472BB116F500F43383 /* number_five_style_3.plist */ = {isa = PBXFileReference; fileEncoding = 4; lastKnownFileType = text.plist.xml; path = number_five_style_3.plist; sourceTree = "<group>"; };
		84BDCF482BB116F500F43383 /* number_five_style_4.plist */ = {isa = PBXFileReference; fileEncoding = 4; lastKnownFileType = text.plist.xml; path = number_five_style_4.plist; sourceTree = "<group>"; };
		84BDCF492BB116F500F43383 /* number_five_style_5.plist */ = {isa = PBXFileReference; fileEncoding = 4; lastKnownFileType = text.plist.xml; path = number_five_style_5.plist; sourceTree = "<group>"; };
		84BDCF4A2BB116F500F43383 /* number_five_style_6.plist */ = {isa = PBXFileReference; fileEncoding = 4; lastKnownFileType = text.plist.xml; path = number_five_style_6.plist; sourceTree = "<group>"; };
		84BDCF4B2BB116F500F43383 /* number_four_style_1.plist */ = {isa = PBXFileReference; fileEncoding = 4; lastKnownFileType = text.plist.xml; path = number_four_style_1.plist; sourceTree = "<group>"; };
		84BDCF4C2BB116F500F43383 /* number_four_style_2.plist */ = {isa = PBXFileReference; fileEncoding = 4; lastKnownFileType = text.plist.xml; path = number_four_style_2.plist; sourceTree = "<group>"; };
		84BDCF4D2BB116F500F43383 /* number_four_style_3.plist */ = {isa = PBXFileReference; fileEncoding = 4; lastKnownFileType = text.plist.xml; path = number_four_style_3.plist; sourceTree = "<group>"; };
		84BDCF4E2BB116F500F43383 /* number_four_style_4.plist */ = {isa = PBXFileReference; fileEncoding = 4; lastKnownFileType = text.plist.xml; path = number_four_style_4.plist; sourceTree = "<group>"; };
		84BDCF4F2BB116F500F43383 /* number_four_style_5.plist */ = {isa = PBXFileReference; fileEncoding = 4; lastKnownFileType = text.plist.xml; path = number_four_style_5.plist; sourceTree = "<group>"; };
		84BDCF502BB116F500F43383 /* number_four_style_6.plist */ = {isa = PBXFileReference; fileEncoding = 4; lastKnownFileType = text.plist.xml; path = number_four_style_6.plist; sourceTree = "<group>"; };
		84BDCF512BB116F500F43383 /* number_three_style_1.plist */ = {isa = PBXFileReference; fileEncoding = 4; lastKnownFileType = text.plist.xml; path = number_three_style_1.plist; sourceTree = "<group>"; };
		84BDCF522BB116F500F43383 /* number_three_style_2.plist */ = {isa = PBXFileReference; fileEncoding = 4; lastKnownFileType = text.plist.xml; path = number_three_style_2.plist; sourceTree = "<group>"; };
		84BDCF532BB116F500F43383 /* number_three_style_3.plist */ = {isa = PBXFileReference; fileEncoding = 4; lastKnownFileType = text.plist.xml; path = number_three_style_3.plist; sourceTree = "<group>"; };
		84BDCF542BB116F500F43383 /* number_three_style_4.plist */ = {isa = PBXFileReference; fileEncoding = 4; lastKnownFileType = text.plist.xml; path = number_three_style_4.plist; sourceTree = "<group>"; };
		84BDCF552BB116F500F43383 /* number_three_style_5.plist */ = {isa = PBXFileReference; fileEncoding = 4; lastKnownFileType = text.plist.xml; path = number_three_style_5.plist; sourceTree = "<group>"; };
		84BDCF562BB116F500F43383 /* number_three_style_6.plist */ = {isa = PBXFileReference; fileEncoding = 4; lastKnownFileType = text.plist.xml; path = number_three_style_6.plist; sourceTree = "<group>"; };
		84BDCF572BB116F500F43383 /* number_two_style_1.plist */ = {isa = PBXFileReference; fileEncoding = 4; lastKnownFileType = text.plist.xml; path = number_two_style_1.plist; sourceTree = "<group>"; };
		84BDCF582BB116F500F43383 /* number_two_style_2.plist */ = {isa = PBXFileReference; fileEncoding = 4; lastKnownFileType = text.plist.xml; path = number_two_style_2.plist; sourceTree = "<group>"; };
		84BDCF592BB116F500F43383 /* number_two_style_3.plist */ = {isa = PBXFileReference; fileEncoding = 4; lastKnownFileType = text.plist.xml; path = number_two_style_3.plist; sourceTree = "<group>"; };
		84BDCF5A2BB116F500F43383 /* number_two_style_4.plist */ = {isa = PBXFileReference; fileEncoding = 4; lastKnownFileType = text.plist.xml; path = number_two_style_4.plist; sourceTree = "<group>"; };
		84BDCF5B2BB116F500F43383 /* number_two_style_5.plist */ = {isa = PBXFileReference; fileEncoding = 4; lastKnownFileType = text.plist.xml; path = number_two_style_5.plist; sourceTree = "<group>"; };
		84BDCF5C2BB116F500F43383 /* number_two_style_6.plist */ = {isa = PBXFileReference; fileEncoding = 4; lastKnownFileType = text.plist.xml; path = number_two_style_6.plist; sourceTree = "<group>"; };
		84BDCF762BB118C000F43383 /* makecards_puzzle5_storyboard1_icon.png */ = {isa = PBXFileReference; lastKnownFileType = image.png; path = makecards_puzzle5_storyboard1_icon.png; sourceTree = "<group>"; };
		84BDCF772BB118C000F43383 /* makecards_puzzle5_storyboard1_icon@2x.png */ = {isa = PBXFileReference; lastKnownFileType = image.png; path = "makecards_puzzle5_storyboard1_icon@2x.png"; sourceTree = "<group>"; };
		84BDCF782BB118C000F43383 /* makecards_puzzle5_storyboard2_icon.png */ = {isa = PBXFileReference; lastKnownFileType = image.png; path = makecards_puzzle5_storyboard2_icon.png; sourceTree = "<group>"; };
		84BDCF792BB118C000F43383 /* makecards_puzzle5_storyboard2_icon@2x.png */ = {isa = PBXFileReference; lastKnownFileType = image.png; path = "makecards_puzzle5_storyboard2_icon@2x.png"; sourceTree = "<group>"; };
		84BDCF7A2BB118C000F43383 /* makecards_puzzle5_storyboard3_icon.png */ = {isa = PBXFileReference; lastKnownFileType = image.png; path = makecards_puzzle5_storyboard3_icon.png; sourceTree = "<group>"; };
		84BDCF7B2BB118C000F43383 /* makecards_puzzle5_storyboard3_icon@2x.png */ = {isa = PBXFileReference; lastKnownFileType = image.png; path = "makecards_puzzle5_storyboard3_icon@2x.png"; sourceTree = "<group>"; };
		84BDCF7C2BB118C000F43383 /* makecards_puzzle5_storyboard4_icon.png */ = {isa = PBXFileReference; lastKnownFileType = image.png; path = makecards_puzzle5_storyboard4_icon.png; sourceTree = "<group>"; };
		84BDCF7D2BB118C000F43383 /* makecards_puzzle5_storyboard4_icon@2x.png */ = {isa = PBXFileReference; lastKnownFileType = image.png; path = "makecards_puzzle5_storyboard4_icon@2x.png"; sourceTree = "<group>"; };
		84BDCF7E2BB118C000F43383 /* makecards_puzzle5_storyboard5_icon.png */ = {isa = PBXFileReference; lastKnownFileType = image.png; path = makecards_puzzle5_storyboard5_icon.png; sourceTree = "<group>"; };
		84BDCF7F2BB118C000F43383 /* makecards_puzzle5_storyboard5_icon@2x.png */ = {isa = PBXFileReference; lastKnownFileType = image.png; path = "makecards_puzzle5_storyboard5_icon@2x.png"; sourceTree = "<group>"; };
		84BDCF802BB118C000F43383 /* makecards_puzzle5_storyboard6_icon.png */ = {isa = PBXFileReference; lastKnownFileType = image.png; path = makecards_puzzle5_storyboard6_icon.png; sourceTree = "<group>"; };
		84BDCF812BB118C000F43383 /* makecards_puzzle5_storyboard6_icon@2x.png */ = {isa = PBXFileReference; lastKnownFileType = image.png; path = "makecards_puzzle5_storyboard6_icon@2x.png"; sourceTree = "<group>"; };
		84BDCF832BB118C000F43383 /* makecards_puzzle4_storyboard1_icon.png */ = {isa = PBXFileReference; lastKnownFileType = image.png; path = makecards_puzzle4_storyboard1_icon.png; sourceTree = "<group>"; };
		84BDCF842BB118C000F43383 /* makecards_puzzle4_storyboard1_icon@2x.png */ = {isa = PBXFileReference; lastKnownFileType = image.png; path = "makecards_puzzle4_storyboard1_icon@2x.png"; sourceTree = "<group>"; };
		84BDCF852BB118C000F43383 /* makecards_puzzle4_storyboard2_icon.png */ = {isa = PBXFileReference; lastKnownFileType = image.png; path = makecards_puzzle4_storyboard2_icon.png; sourceTree = "<group>"; };
		84BDCF862BB118C000F43383 /* makecards_puzzle4_storyboard2_icon@2x.png */ = {isa = PBXFileReference; lastKnownFileType = image.png; path = "makecards_puzzle4_storyboard2_icon@2x.png"; sourceTree = "<group>"; };
		84BDCF872BB118C000F43383 /* makecards_puzzle4_storyboard3_icon.png */ = {isa = PBXFileReference; lastKnownFileType = image.png; path = makecards_puzzle4_storyboard3_icon.png; sourceTree = "<group>"; };
		84BDCF882BB118C000F43383 /* makecards_puzzle4_storyboard3_icon@2x.png */ = {isa = PBXFileReference; lastKnownFileType = image.png; path = "makecards_puzzle4_storyboard3_icon@2x.png"; sourceTree = "<group>"; };
		84BDCF892BB118C000F43383 /* makecards_puzzle4_storyboard4_icon.png */ = {isa = PBXFileReference; lastKnownFileType = image.png; path = makecards_puzzle4_storyboard4_icon.png; sourceTree = "<group>"; };
		84BDCF8A2BB118C000F43383 /* makecards_puzzle4_storyboard4_icon@2x.png */ = {isa = PBXFileReference; lastKnownFileType = image.png; path = "makecards_puzzle4_storyboard4_icon@2x.png"; sourceTree = "<group>"; };
		84BDCF8B2BB118C000F43383 /* makecards_puzzle4_storyboard5_icon.png */ = {isa = PBXFileReference; lastKnownFileType = image.png; path = makecards_puzzle4_storyboard5_icon.png; sourceTree = "<group>"; };
		84BDCF8C2BB118C000F43383 /* makecards_puzzle4_storyboard5_icon@2x.png */ = {isa = PBXFileReference; lastKnownFileType = image.png; path = "makecards_puzzle4_storyboard5_icon@2x.png"; sourceTree = "<group>"; };
		84BDCF8D2BB118C000F43383 /* makecards_puzzle4_storyboard6_icon.png */ = {isa = PBXFileReference; lastKnownFileType = image.png; path = makecards_puzzle4_storyboard6_icon.png; sourceTree = "<group>"; };
		84BDCF8E2BB118C000F43383 /* makecards_puzzle4_storyboard6_icon@2x.png */ = {isa = PBXFileReference; lastKnownFileType = image.png; path = "makecards_puzzle4_storyboard6_icon@2x.png"; sourceTree = "<group>"; };
		84BDCF902BB118C000F43383 /* makecards_puzzle3_storyboard1_icon.png */ = {isa = PBXFileReference; lastKnownFileType = image.png; path = makecards_puzzle3_storyboard1_icon.png; sourceTree = "<group>"; };
		84BDCF912BB118C000F43383 /* makecards_puzzle3_storyboard1_icon@2x.png */ = {isa = PBXFileReference; lastKnownFileType = image.png; path = "makecards_puzzle3_storyboard1_icon@2x.png"; sourceTree = "<group>"; };
		84BDCF922BB118C000F43383 /* makecards_puzzle3_storyboard2_icon.png */ = {isa = PBXFileReference; lastKnownFileType = image.png; path = makecards_puzzle3_storyboard2_icon.png; sourceTree = "<group>"; };
		84BDCF932BB118C000F43383 /* makecards_puzzle3_storyboard2_icon@2x.png */ = {isa = PBXFileReference; lastKnownFileType = image.png; path = "makecards_puzzle3_storyboard2_icon@2x.png"; sourceTree = "<group>"; };
		84BDCF942BB118C000F43383 /* makecards_puzzle3_storyboard3_icon.png */ = {isa = PBXFileReference; lastKnownFileType = image.png; path = makecards_puzzle3_storyboard3_icon.png; sourceTree = "<group>"; };
		84BDCF952BB118C000F43383 /* makecards_puzzle3_storyboard3_icon@2x.png */ = {isa = PBXFileReference; lastKnownFileType = image.png; path = "makecards_puzzle3_storyboard3_icon@2x.png"; sourceTree = "<group>"; };
		84BDCF962BB118C000F43383 /* makecards_puzzle3_storyboard4_icon.png */ = {isa = PBXFileReference; lastKnownFileType = image.png; path = makecards_puzzle3_storyboard4_icon.png; sourceTree = "<group>"; };
		84BDCF972BB118C000F43383 /* makecards_puzzle3_storyboard4_icon@2x.png */ = {isa = PBXFileReference; lastKnownFileType = image.png; path = "makecards_puzzle3_storyboard4_icon@2x.png"; sourceTree = "<group>"; };
		84BDCF982BB118C000F43383 /* makecards_puzzle3_storyboard5_icon.png */ = {isa = PBXFileReference; lastKnownFileType = image.png; path = makecards_puzzle3_storyboard5_icon.png; sourceTree = "<group>"; };
		84BDCF992BB118C000F43383 /* makecards_puzzle3_storyboard5_icon@2x.png */ = {isa = PBXFileReference; lastKnownFileType = image.png; path = "makecards_puzzle3_storyboard5_icon@2x.png"; sourceTree = "<group>"; };
		84BDCF9A2BB118C000F43383 /* makecards_puzzle3_storyboard6_icon.png */ = {isa = PBXFileReference; lastKnownFileType = image.png; path = makecards_puzzle3_storyboard6_icon.png; sourceTree = "<group>"; };
		84BDCF9B2BB118C000F43383 /* makecards_puzzle3_storyboard6_icon@2x.png */ = {isa = PBXFileReference; lastKnownFileType = image.png; path = "makecards_puzzle3_storyboard6_icon@2x.png"; sourceTree = "<group>"; };
		84BDCF9D2BB118C000F43383 /* makecards_puzzle_storyboard1_icon.png */ = {isa = PBXFileReference; lastKnownFileType = image.png; path = makecards_puzzle_storyboard1_icon.png; sourceTree = "<group>"; };
		84BDCF9E2BB118C000F43383 /* makecards_puzzle_storyboard1_icon@2x.png */ = {isa = PBXFileReference; lastKnownFileType = image.png; path = "makecards_puzzle_storyboard1_icon@2x.png"; sourceTree = "<group>"; };
		84BDCF9F2BB118C000F43383 /* makecards_puzzle_storyboard2_icon.png */ = {isa = PBXFileReference; lastKnownFileType = image.png; path = makecards_puzzle_storyboard2_icon.png; sourceTree = "<group>"; };
		84BDCFA02BB118C000F43383 /* makecards_puzzle_storyboard2_icon@2x.png */ = {isa = PBXFileReference; lastKnownFileType = image.png; path = "makecards_puzzle_storyboard2_icon@2x.png"; sourceTree = "<group>"; };
		84BDCFA12BB118C000F43383 /* makecards_puzzle_storyboard3_icon.png */ = {isa = PBXFileReference; lastKnownFileType = image.png; path = makecards_puzzle_storyboard3_icon.png; sourceTree = "<group>"; };
		84BDCFA22BB118C000F43383 /* makecards_puzzle_storyboard3_icon@2x.png */ = {isa = PBXFileReference; lastKnownFileType = image.png; path = "makecards_puzzle_storyboard3_icon@2x.png"; sourceTree = "<group>"; };
		84BDCFA32BB118C000F43383 /* makecards_puzzle_storyboard4_icon.png */ = {isa = PBXFileReference; lastKnownFileType = image.png; path = makecards_puzzle_storyboard4_icon.png; sourceTree = "<group>"; };
		84BDCFA42BB118C000F43383 /* makecards_puzzle_storyboard4_icon@2x.png */ = {isa = PBXFileReference; lastKnownFileType = image.png; path = "makecards_puzzle_storyboard4_icon@2x.png"; sourceTree = "<group>"; };
		84BDCFA52BB118C000F43383 /* makecards_puzzle_storyboard5_icon.png */ = {isa = PBXFileReference; lastKnownFileType = image.png; path = makecards_puzzle_storyboard5_icon.png; sourceTree = "<group>"; };
		84BDCFA62BB118C000F43383 /* makecards_puzzle_storyboard5_icon@2x.png */ = {isa = PBXFileReference; lastKnownFileType = image.png; path = "makecards_puzzle_storyboard5_icon@2x.png"; sourceTree = "<group>"; };
		84BDCFA72BB118C000F43383 /* makecards_puzzle_storyboard6_icon.png */ = {isa = PBXFileReference; lastKnownFileType = image.png; path = makecards_puzzle_storyboard6_icon.png; sourceTree = "<group>"; };
		84BDCFA82BB118C000F43383 /* makecards_puzzle_storyboard6_icon@2x.png */ = {isa = PBXFileReference; lastKnownFileType = image.png; path = "makecards_puzzle_storyboard6_icon@2x.png"; sourceTree = "<group>"; };
		84BDCFDB2BB11D1A00F43383 /* XBaseCollectionViewCell.swift */ = {isa = PBXFileReference; lastKnownFileType = sourcecode.swift; path = XBaseCollectionViewCell.swift; sourceTree = "<group>"; };
		84BDCFDF2BB11E9200F43383 /* XBoardLayoutCell.swift */ = {isa = PBXFileReference; lastKnownFileType = sourcecode.swift; path = XBoardLayoutCell.swift; sourceTree = "<group>"; };
		84BDCFE12BB11FEC00F43383 /* XBoardListView.swift */ = {isa = PBXFileReference; lastKnownFileType = sourcecode.swift; path = XBoardListView.swift; sourceTree = "<group>"; };
		84BDCFE32BB16EF200F43383 /* number_three_style_3.json */ = {isa = PBXFileReference; fileEncoding = 4; lastKnownFileType = text.json; path = number_three_style_3.json; sourceTree = "<group>"; };
		84BDCFE52BB1704000F43383 /* XTemplateModel.swift */ = {isa = PBXFileReference; lastKnownFileType = sourcecode.swift; path = XTemplateModel.swift; sourceTree = "<group>"; };
		84BDCFE72BB179F100F43383 /* XTemplateTools.swift */ = {isa = PBXFileReference; lastKnownFileType = sourcecode.swift; path = XTemplateTools.swift; sourceTree = "<group>"; };
		84CB9E8F2BAADF5F00E29794 /* XModel.swift */ = {isa = PBXFileReference; lastKnownFileType = sourcecode.swift; path = XModel.swift; sourceTree = "<group>"; };
		84CB9E912BAAE30900E29794 /* XAPI.swift */ = {isa = PBXFileReference; lastKnownFileType = sourcecode.swift; path = XAPI.swift; sourceTree = "<group>"; };
		84CB9E952BABD55800E29794 /* XBaseTableViewCell.swift */ = {isa = PBXFileReference; lastKnownFileType = sourcecode.swift; path = XBaseTableViewCell.swift; sourceTree = "<group>"; };
		84CB9E982BAC1F7900E29794 /* test2.JPG */ = {isa = PBXFileReference; lastKnownFileType = image.jpeg; path = test2.JPG; sourceTree = "<group>"; };
		84CB9E992BAC1F7900E29794 /* test1.JPG */ = {isa = PBXFileReference; lastKnownFileType = image.jpeg; path = test1.JPG; sourceTree = "<group>"; };
		84CB9E9D2BAC20D300E29794 /* XTestImageEditView.swift */ = {isa = PBXFileReference; lastKnownFileType = sourcecode.swift; path = XTestImageEditView.swift; sourceTree = "<group>"; };
		84CB9E9F2BAC239700E29794 /* XPuzzleViewController.swift */ = {isa = PBXFileReference; lastKnownFileType = sourcecode.swift; path = XPuzzleViewController.swift; sourceTree = "<group>"; };
		84CB9EA12BAC514F00E29794 /* test3.jpg */ = {isa = PBXFileReference; lastKnownFileType = image.jpeg; path = test3.jpg; sourceTree = "<group>"; };
		84CB9EA32BAC5C9300E29794 /* XImageEditView.swift */ = {isa = PBXFileReference; lastKnownFileType = sourcecode.swift; path = XImageEditView.swift; sourceTree = "<group>"; };
		879B580117F8FF72526B77D2 /* Pods_XLLightMagic.framework */ = {isa = PBXFileReference; explicitFileType = wrapper.framework; includeInIndex = 0; path = Pods_XLLightMagic.framework; sourceTree = BUILT_PRODUCTS_DIR; };
		9AE379581CA02E9DEBD3801F /* Pods-XLLightMagic.debug.xcconfig */ = {isa = PBXFileReference; includeInIndex = 1; lastKnownFileType = text.xcconfig; name = "Pods-XLLightMagic.debug.xcconfig"; path = "Target Support Files/Pods-XLLightMagic/Pods-XLLightMagic.debug.xcconfig"; sourceTree = "<group>"; };
		D84C779B1469A4141FBE057A /* Pods-XLLightMagic.release.xcconfig */ = {isa = PBXFileReference; includeInIndex = 1; lastKnownFileType = text.xcconfig; name = "Pods-XLLightMagic.release.xcconfig"; path = "Target Support Files/Pods-XLLightMagic/Pods-XLLightMagic.release.xcconfig"; sourceTree = "<group>"; };
/* End PBXFileReference section */

/* Begin PBXFrameworksBuildPhase section */
		840EC7F02BAAC6810049B06A /* Frameworks */ = {
			isa = PBXFrameworksBuildPhase;
			buildActionMask = 2147483647;
			files = (
				D9F9D85364C16695723C00EA /* Pods_XLLightMagic.framework in Frameworks */,
			);
			runOnlyForDeploymentPostprocessing = 0;
		};
/* End PBXFrameworksBuildPhase section */

/* Begin PBXGroup section */
		11D2CDC82991E8403CD6D204 /* Pods */ = {
			isa = PBXGroup;
			children = (
				9AE379581CA02E9DEBD3801F /* Pods-XLLightMagic.debug.xcconfig */,
				D84C779B1469A4141FBE057A /* Pods-XLLightMagic.release.xcconfig */,
			);
			path = Pods;
			sourceTree = "<group>";
		};
		840EC7EA2BAAC6810049B06A = {
			isa = PBXGroup;
			children = (
				840EC7F52BAAC6810049B06A /* XLLightMagic */,
				840EC7F42BAAC6810049B06A /* Products */,
				11D2CDC82991E8403CD6D204 /* Pods */,
				E9C12138F284B1553AE3C931 /* Frameworks */,
			);
			sourceTree = "<group>";
		};
		840EC7F42BAAC6810049B06A /* Products */ = {
			isa = PBXGroup;
			children = (
				840EC7F32BAAC6810049B06A /* XLLightMagic.app */,
			);
			name = Products;
			sourceTree = "<group>";
		};
		840EC7F52BAAC6810049B06A /* XLLightMagic */ = {
			isa = PBXGroup;
			children = (
				84BDCF442BB116D200F43383 /* Resources */,
				840EC8042BAAC6840049B06A /* Info.plist */,
				840EC7FF2BAAC6840049B06A /* Assets.xcassets */,
				840EC80E2BAAC7610049B06A /* Module */,
				840EC80D2BAAC75B0049B06A /* Model */,
				840EC80C2BAAC7510049B06A /* Extension */,
				840EC80B2BAAC73C0049B06A /* Component */,
				849144D42BAFF1BE00444DD1 /* Common */,
				840EC80A2BAAC72A0049B06A /* API */,
				840EC8012BAAC6840049B06A /* LaunchScreen.storyboard */,
			);
			path = XLLightMagic;
			sourceTree = "<group>";
		};
		840EC80A2BAAC72A0049B06A /* API */ = {
			isa = PBXGroup;
			children = (
				84CB9E912BAAE30900E29794 /* XAPI.swift */,
			);
			path = API;
			sourceTree = "<group>";
		};
		840EC80B2BAAC73C0049B06A /* Component */ = {
			isa = PBXGroup;
			children = (
				841CE1222BB43A140031A93A /* XHUD */,
			);
			path = Component;
			sourceTree = "<group>";
		};
		840EC80C2BAAC7510049B06A /* Extension */ = {
			isa = PBXGroup;
			children = (
				840EC8142BAACC970049B06A /* ArrayExtensions.swift */,
				840EC81B2BAACC980049B06A /* DictionaryExtension.swift */,
				840EC81A2BAACC980049B06A /* DispatchQueueExtension.swift */,
				840EC8152BAACC970049B06A /* StringExtension.swift */,
				840EC8192BAACC980049B06A /* UIBarButtonItemExtension.swift */,
				840EC8172BAACC970049B06A /* UIColorExtension.swift */,
				840EC8162BAACC970049B06A /* UIDeviceExtension.swift */,
				840EC81C2BAACC980049B06A /* UIImageExtensions.swift */,
				840EC8182BAACC980049B06A /* UIViewExtension.swift */,
				841CE11E2BB41B2D0031A93A /* UIScrollViewExtensions.swift */,
			);
			path = Extension;
			sourceTree = "<group>";
		};
		840EC80D2BAAC75B0049B06A /* Model */ = {
			isa = PBXGroup;
			children = (
				84CB9E8F2BAADF5F00E29794 /* XModel.swift */,
			);
			path = Model;
			sourceTree = "<group>";
		};
		840EC80E2BAAC7610049B06A /* Module */ = {
			isa = PBXGroup;
			children = (
				84CB9E9D2BAC20D300E29794 /* XTestImageEditView.swift */,
				840EC82C2BAAD7670049B06A /* TestVC.swift */,
				840EC7F62BAAC6810049B06A /* AppDelegate.swift */,
				84CB9E9C2BAC1FC300E29794 /* Puzzle */,
				84CB9E972BAC1F6300E29794 /* Images */,
				840EC80F2BAACAB20049B06A /* Base */,
			);
			path = Module;
			sourceTree = "<group>";
		};
		840EC80F2BAACAB20049B06A /* Base */ = {
			isa = PBXGroup;
			children = (
				84CB9E942BABD53600E29794 /* ViewController */,
				84CB9E932BABD53000E29794 /* View */,
			);
			path = Base;
			sourceTree = "<group>";
		};
		841CE1172BB275C10031A93A /* Model */ = {
			isa = PBXGroup;
			children = (
				849144D72BAFF7D200444DD1 /* XEditInfo.swift */,
				84BDCFE52BB1704000F43383 /* XTemplateModel.swift */,
				84BDCFE72BB179F100F43383 /* XTemplateTools.swift */,
			);
			path = Model;
			sourceTree = "<group>";
		};
		841CE1222BB43A140031A93A /* XHUD */ = {
			isa = PBXGroup;
			children = (
				841CE1202BB421BE0031A93A /* XHUD.swift */,
				841CE1232BB43A2C0031A93A /* XSuccessView.swift */,
			);
			path = XHUD;
			sourceTree = "<group>";
		};
		849144D42BAFF1BE00444DD1 /* Common */ = {
			isa = PBXGroup;
			children = (
				840EC8122BAACBC10049B06A /* Global.swift */,
				849144D52BAFF1F900444DD1 /* CommonEnum.swift */,
				841CE1182BB276AD0031A93A /* XProportionEnum.swift */,
			);
			path = Common;
			sourceTree = "<group>";
		};
		84BDCF442BB116D200F43383 /* Resources */ = {
			isa = PBXGroup;
			children = (
				84BDCFE32BB16EF200F43383 /* number_three_style_3.json */,
				84BDCFAA2BB118C000F43383 /* storyboard */,
				84BDCF5D2BB116F500F43383 /* Plists */,
			);
			path = Resources;
			sourceTree = "<group>";
		};
		84BDCF5D2BB116F500F43383 /* Plists */ = {
			isa = PBXGroup;
			children = (
				84BDCF452BB116F500F43383 /* number_five_style_1.plist */,
				84BDCF462BB116F500F43383 /* number_five_style_2.plist */,
				84BDCF472BB116F500F43383 /* number_five_style_3.plist */,
				84BDCF482BB116F500F43383 /* number_five_style_4.plist */,
				84BDCF492BB116F500F43383 /* number_five_style_5.plist */,
				84BDCF4A2BB116F500F43383 /* number_five_style_6.plist */,
				84BDCF4B2BB116F500F43383 /* number_four_style_1.plist */,
				84BDCF4C2BB116F500F43383 /* number_four_style_2.plist */,
				84BDCF4D2BB116F500F43383 /* number_four_style_3.plist */,
				84BDCF4E2BB116F500F43383 /* number_four_style_4.plist */,
				84BDCF4F2BB116F500F43383 /* number_four_style_5.plist */,
				84BDCF502BB116F500F43383 /* number_four_style_6.plist */,
				84BDCF512BB116F500F43383 /* number_three_style_1.plist */,
				84BDCF522BB116F500F43383 /* number_three_style_2.plist */,
				84BDCF532BB116F500F43383 /* number_three_style_3.plist */,
				84BDCF542BB116F500F43383 /* number_three_style_4.plist */,
				84BDCF552BB116F500F43383 /* number_three_style_5.plist */,
				84BDCF562BB116F500F43383 /* number_three_style_6.plist */,
				84BDCF572BB116F500F43383 /* number_two_style_1.plist */,
				84BDCF582BB116F500F43383 /* number_two_style_2.plist */,
				84BDCF592BB116F500F43383 /* number_two_style_3.plist */,
				84BDCF5A2BB116F500F43383 /* number_two_style_4.plist */,
				84BDCF5B2BB116F500F43383 /* number_two_style_5.plist */,
				84BDCF5C2BB116F500F43383 /* number_two_style_6.plist */,
			);
			path = Plists;
			sourceTree = "<group>";
		};
		84BDCF822BB118C000F43383 /* number_five */ = {
			isa = PBXGroup;
			children = (
				84BDCF762BB118C000F43383 /* makecards_puzzle5_storyboard1_icon.png */,
				84BDCF772BB118C000F43383 /* makecards_puzzle5_storyboard1_icon@2x.png */,
				84BDCF782BB118C000F43383 /* makecards_puzzle5_storyboard2_icon.png */,
				84BDCF792BB118C000F43383 /* makecards_puzzle5_storyboard2_icon@2x.png */,
				84BDCF7A2BB118C000F43383 /* makecards_puzzle5_storyboard3_icon.png */,
				84BDCF7B2BB118C000F43383 /* makecards_puzzle5_storyboard3_icon@2x.png */,
				84BDCF7C2BB118C000F43383 /* makecards_puzzle5_storyboard4_icon.png */,
				84BDCF7D2BB118C000F43383 /* makecards_puzzle5_storyboard4_icon@2x.png */,
				84BDCF7E2BB118C000F43383 /* makecards_puzzle5_storyboard5_icon.png */,
				84BDCF7F2BB118C000F43383 /* makecards_puzzle5_storyboard5_icon@2x.png */,
				84BDCF802BB118C000F43383 /* makecards_puzzle5_storyboard6_icon.png */,
				84BDCF812BB118C000F43383 /* makecards_puzzle5_storyboard6_icon@2x.png */,
			);
			path = number_five;
			sourceTree = "<group>";
		};
		84BDCF8F2BB118C000F43383 /* number_four */ = {
			isa = PBXGroup;
			children = (
				84BDCF832BB118C000F43383 /* makecards_puzzle4_storyboard1_icon.png */,
				84BDCF842BB118C000F43383 /* makecards_puzzle4_storyboard1_icon@2x.png */,
				84BDCF852BB118C000F43383 /* makecards_puzzle4_storyboard2_icon.png */,
				84BDCF862BB118C000F43383 /* makecards_puzzle4_storyboard2_icon@2x.png */,
				84BDCF872BB118C000F43383 /* makecards_puzzle4_storyboard3_icon.png */,
				84BDCF882BB118C000F43383 /* makecards_puzzle4_storyboard3_icon@2x.png */,
				84BDCF892BB118C000F43383 /* makecards_puzzle4_storyboard4_icon.png */,
				84BDCF8A2BB118C000F43383 /* makecards_puzzle4_storyboard4_icon@2x.png */,
				84BDCF8B2BB118C000F43383 /* makecards_puzzle4_storyboard5_icon.png */,
				84BDCF8C2BB118C000F43383 /* makecards_puzzle4_storyboard5_icon@2x.png */,
				84BDCF8D2BB118C000F43383 /* makecards_puzzle4_storyboard6_icon.png */,
				84BDCF8E2BB118C000F43383 /* makecards_puzzle4_storyboard6_icon@2x.png */,
			);
			path = number_four;
			sourceTree = "<group>";
		};
		84BDCF9C2BB118C000F43383 /* number_three */ = {
			isa = PBXGroup;
			children = (
				84BDCF902BB118C000F43383 /* makecards_puzzle3_storyboard1_icon.png */,
				84BDCF912BB118C000F43383 /* makecards_puzzle3_storyboard1_icon@2x.png */,
				84BDCF922BB118C000F43383 /* makecards_puzzle3_storyboard2_icon.png */,
				84BDCF932BB118C000F43383 /* makecards_puzzle3_storyboard2_icon@2x.png */,
				84BDCF942BB118C000F43383 /* makecards_puzzle3_storyboard3_icon.png */,
				84BDCF952BB118C000F43383 /* makecards_puzzle3_storyboard3_icon@2x.png */,
				84BDCF962BB118C000F43383 /* makecards_puzzle3_storyboard4_icon.png */,
				84BDCF972BB118C000F43383 /* makecards_puzzle3_storyboard4_icon@2x.png */,
				84BDCF982BB118C000F43383 /* makecards_puzzle3_storyboard5_icon.png */,
				84BDCF992BB118C000F43383 /* makecards_puzzle3_storyboard5_icon@2x.png */,
				84BDCF9A2BB118C000F43383 /* makecards_puzzle3_storyboard6_icon.png */,
				84BDCF9B2BB118C000F43383 /* makecards_puzzle3_storyboard6_icon@2x.png */,
			);
			path = number_three;
			sourceTree = "<group>";
		};
		84BDCFA92BB118C000F43383 /* number_two */ = {
			isa = PBXGroup;
			children = (
				84BDCF9D2BB118C000F43383 /* makecards_puzzle_storyboard1_icon.png */,
				84BDCF9E2BB118C000F43383 /* makecards_puzzle_storyboard1_icon@2x.png */,
				84BDCF9F2BB118C000F43383 /* makecards_puzzle_storyboard2_icon.png */,
				84BDCFA02BB118C000F43383 /* makecards_puzzle_storyboard2_icon@2x.png */,
				84BDCFA12BB118C000F43383 /* makecards_puzzle_storyboard3_icon.png */,
				84BDCFA22BB118C000F43383 /* makecards_puzzle_storyboard3_icon@2x.png */,
				84BDCFA32BB118C000F43383 /* makecards_puzzle_storyboard4_icon.png */,
				84BDCFA42BB118C000F43383 /* makecards_puzzle_storyboard4_icon@2x.png */,
				84BDCFA52BB118C000F43383 /* makecards_puzzle_storyboard5_icon.png */,
				84BDCFA62BB118C000F43383 /* makecards_puzzle_storyboard5_icon@2x.png */,
				84BDCFA72BB118C000F43383 /* makecards_puzzle_storyboard6_icon.png */,
				84BDCFA82BB118C000F43383 /* makecards_puzzle_storyboard6_icon@2x.png */,
			);
			path = number_two;
			sourceTree = "<group>";
		};
		84BDCFAA2BB118C000F43383 /* storyboard */ = {
			isa = PBXGroup;
			children = (
				84BDCF822BB118C000F43383 /* number_five */,
				84BDCF8F2BB118C000F43383 /* number_four */,
				84BDCF9C2BB118C000F43383 /* number_three */,
				84BDCFA92BB118C000F43383 /* number_two */,
			);
			path = storyboard;
			sourceTree = "<group>";
		};
		84BDCFDD2BB11E1900F43383 /* VIew */ = {
			isa = PBXGroup;
			children = (
				84CB9EA32BAC5C9300E29794 /* XImageEditView.swift */,
				849144CE2BAFDA4300444DD1 /* XBaseEditView.swift */,
				849144D22BAFDEBC00444DD1 /* XNormalLayoutView.swift */,
				84BDCFDF2BB11E9200F43383 /* XBoardLayoutCell.swift */,
				84BDCFE12BB11FEC00F43383 /* XBoardListView.swift */,
				841CE11A2BB3C14D0031A93A /* XEditContainerView.swift */,
			);
			path = VIew;
			sourceTree = "<group>";
		};
		84BDCFDE2BB11E2100F43383 /* ViewController */ = {
			isa = PBXGroup;
			children = (
				84CB9E9F2BAC239700E29794 /* XPuzzleViewController.swift */,
			);
			path = ViewController;
			sourceTree = "<group>";
		};
		84CB9E932BABD53000E29794 /* View */ = {
			isa = PBXGroup;
			children = (
				84CB9E952BABD55800E29794 /* XBaseTableViewCell.swift */,
				849144CC2BAFD7FA00444DD1 /* XBaseView.swift */,
				84BDCFDB2BB11D1A00F43383 /* XBaseCollectionViewCell.swift */,
			);
			path = View;
			sourceTree = "<group>";
		};
		84CB9E942BABD53600E29794 /* ViewController */ = {
			isa = PBXGroup;
			children = (
				840EC8102BAACAF20049B06A /* XBaseViewController.swift */,
				840EC8262BAACF9D0049B06A /* XTabBarController.swift */,
				840EC8282BAAD0620049B06A /* XNavigationController.swift */,
				840EC82A2BAAD0D30049B06A /* XWebViewController.swift */,
			);
			path = ViewController;
			sourceTree = "<group>";
		};
		84CB9E972BAC1F6300E29794 /* Images */ = {
			isa = PBXGroup;
			children = (
				84CB9E992BAC1F7900E29794 /* test1.JPG */,
				84CB9E982BAC1F7900E29794 /* test2.JPG */,
				84CB9EA12BAC514F00E29794 /* test3.jpg */,
			);
			path = Images;
			sourceTree = "<group>";
		};
		84CB9E9C2BAC1FC300E29794 /* Puzzle */ = {
			isa = PBXGroup;
			children = (
				841CE1172BB275C10031A93A /* Model */,
				84BDCFDE2BB11E2100F43383 /* ViewController */,
				84BDCFDD2BB11E1900F43383 /* VIew */,
			);
			path = Puzzle;
			sourceTree = "<group>";
		};
		E9C12138F284B1553AE3C931 /* Frameworks */ = {
			isa = PBXGroup;
			children = (
				879B580117F8FF72526B77D2 /* Pods_XLLightMagic.framework */,
			);
			name = Frameworks;
			sourceTree = "<group>";
		};
/* End PBXGroup section */

/* Begin PBXNativeTarget section */
		840EC7F22BAAC6810049B06A /* XLLightMagic */ = {
			isa = PBXNativeTarget;
			buildConfigurationList = 840EC8072BAAC6840049B06A /* Build configuration list for PBXNativeTarget "XLLightMagic" */;
			buildPhases = (
				D306D6C9FC1A04ED3F548D17 /* [CP] Check Pods Manifest.lock */,
				840EC7EF2BAAC6810049B06A /* Sources */,
				840EC7F02BAAC6810049B06A /* Frameworks */,
				840EC7F12BAAC6810049B06A /* Resources */,
				19D176C68D1D6209713F396D /* [CP] Embed Pods Frameworks */,
			);
			buildRules = (
			);
			dependencies = (
			);
			name = XLLightMagic;
			productName = XLLightMagic;
			productReference = 840EC7F32BAAC6810049B06A /* XLLightMagic.app */;
			productType = "com.apple.product-type.application";
		};
/* End PBXNativeTarget section */

/* Begin PBXProject section */
		840EC7EB2BAAC6810049B06A /* Project object */ = {
			isa = PBXProject;
			attributes = {
				BuildIndependentTargetsInParallel = 1;
				LastSwiftUpdateCheck = 1420;
				LastUpgradeCheck = 1420;
				TargetAttributes = {
					840EC7F22BAAC6810049B06A = {
						CreatedOnToolsVersion = 14.2;
					};
				};
			};
			buildConfigurationList = 840EC7EE2BAAC6810049B06A /* Build configuration list for PBXProject "XLLightMagic" */;
			compatibilityVersion = "Xcode 14.0";
			developmentRegion = en;
			hasScannedForEncodings = 0;
			knownRegions = (
				en,
				Base,
			);
			mainGroup = 840EC7EA2BAAC6810049B06A;
			productRefGroup = 840EC7F42BAAC6810049B06A /* Products */;
			projectDirPath = "";
			projectRoot = "";
			targets = (
				840EC7F22BAAC6810049B06A /* XLLightMagic */,
			);
		};
/* End PBXProject section */

/* Begin PBXResourcesBuildPhase section */
		840EC7F12BAAC6810049B06A /* Resources */ = {
			isa = PBXResourcesBuildPhase;
			buildActionMask = 2147483647;
			files = (
				84BDCFD52BB118C000F43383 /* makecards_puzzle_storyboard4_icon.png in Resources */,
				84BDCFB02BB118C000F43383 /* makecards_puzzle5_storyboard3_icon@2x.png in Resources */,
				84BDCF5F2BB116F500F43383 /* number_five_style_2.plist in Resources */,
				84BDCFB12BB118C000F43383 /* makecards_puzzle5_storyboard4_icon.png in Resources */,
				84BDCFB42BB118C000F43383 /* makecards_puzzle5_storyboard5_icon@2x.png in Resources */,
				84BDCFB82BB118C000F43383 /* makecards_puzzle4_storyboard1_icon@2x.png in Resources */,
				84BDCFD32BB118C000F43383 /* makecards_puzzle_storyboard3_icon.png in Resources */,
				84BDCF622BB116F500F43383 /* number_five_style_5.plist in Resources */,
				84BDCF6F2BB116F500F43383 /* number_three_style_6.plist in Resources */,
				84BDCFC72BB118C000F43383 /* makecards_puzzle3_storyboard3_icon.png in Resources */,
				84BDCF6C2BB116F500F43383 /* number_three_style_3.plist in Resources */,
				84BDCFAD2BB118C000F43383 /* makecards_puzzle5_storyboard2_icon.png in Resources */,
				84BDCFB52BB118C000F43383 /* makecards_puzzle5_storyboard6_icon.png in Resources */,
				84BDCFD02BB118C000F43383 /* makecards_puzzle_storyboard1_icon@2x.png in Resources */,
				84BDCFBC2BB118C000F43383 /* makecards_puzzle4_storyboard3_icon@2x.png in Resources */,
				84BDCFBB2BB118C000F43383 /* makecards_puzzle4_storyboard3_icon.png in Resources */,
				84BDCF632BB116F500F43383 /* number_five_style_6.plist in Resources */,
				84BDCFBA2BB118C000F43383 /* makecards_puzzle4_storyboard2_icon@2x.png in Resources */,
				84BDCFCF2BB118C000F43383 /* makecards_puzzle_storyboard1_icon.png in Resources */,
				84BDCF732BB116F500F43383 /* number_two_style_4.plist in Resources */,
				840EC8032BAAC6840049B06A /* LaunchScreen.storyboard in Resources */,
				84BDCFAB2BB118C000F43383 /* makecards_puzzle5_storyboard1_icon.png in Resources */,
				84BDCFD92BB118C000F43383 /* makecards_puzzle_storyboard6_icon.png in Resources */,
				84BDCF752BB116F500F43383 /* number_two_style_6.plist in Resources */,
				84BDCFC52BB118C000F43383 /* makecards_puzzle3_storyboard2_icon.png in Resources */,
				84BDCFCC2BB118C000F43383 /* makecards_puzzle3_storyboard5_icon@2x.png in Resources */,
				84BDCFCE2BB118C000F43383 /* makecards_puzzle3_storyboard6_icon@2x.png in Resources */,
				84CB9E9B2BAC1F7900E29794 /* test1.JPG in Resources */,
				84BDCFD42BB118C000F43383 /* makecards_puzzle_storyboard3_icon@2x.png in Resources */,
				84BDCF612BB116F500F43383 /* number_five_style_4.plist in Resources */,
				84BDCFB22BB118C000F43383 /* makecards_puzzle5_storyboard4_icon@2x.png in Resources */,
				840EC8002BAAC6840049B06A /* Assets.xcassets in Resources */,
				84BDCFD72BB118C000F43383 /* makecards_puzzle_storyboard5_icon.png in Resources */,
				84BDCF6B2BB116F500F43383 /* number_three_style_2.plist in Resources */,
				84BDCFD22BB118C000F43383 /* makecards_puzzle_storyboard2_icon@2x.png in Resources */,
				84BDCFDA2BB118C000F43383 /* makecards_puzzle_storyboard6_icon@2x.png in Resources */,
				84BDCF642BB116F500F43383 /* number_four_style_1.plist in Resources */,
				84BDCFAF2BB118C000F43383 /* makecards_puzzle5_storyboard3_icon.png in Resources */,
				84BDCF6E2BB116F500F43383 /* number_three_style_5.plist in Resources */,
				84BDCFB62BB118C000F43383 /* makecards_puzzle5_storyboard6_icon@2x.png in Resources */,
				84BDCF722BB116F500F43383 /* number_two_style_3.plist in Resources */,
				84BDCFB72BB118C000F43383 /* makecards_puzzle4_storyboard1_icon.png in Resources */,
				84BDCFC32BB118C000F43383 /* makecards_puzzle3_storyboard1_icon.png in Resources */,
				84BDCFC62BB118C000F43383 /* makecards_puzzle3_storyboard2_icon@2x.png in Resources */,
				84BDCFAC2BB118C000F43383 /* makecards_puzzle5_storyboard1_icon@2x.png in Resources */,
				84BDCFBE2BB118C000F43383 /* makecards_puzzle4_storyboard4_icon@2x.png in Resources */,
				84BDCFB92BB118C000F43383 /* makecards_puzzle4_storyboard2_icon.png in Resources */,
				84BDCFD82BB118C000F43383 /* makecards_puzzle_storyboard5_icon@2x.png in Resources */,
				84BDCFC92BB118C000F43383 /* makecards_puzzle3_storyboard4_icon.png in Resources */,
				84BDCFCD2BB118C000F43383 /* makecards_puzzle3_storyboard6_icon.png in Resources */,
				84BDCF5E2BB116F500F43383 /* number_five_style_1.plist in Resources */,
				84BDCFAE2BB118C000F43383 /* makecards_puzzle5_storyboard2_icon@2x.png in Resources */,
				84BDCFCB2BB118C000F43383 /* makecards_puzzle3_storyboard5_icon.png in Resources */,
				84BDCFC02BB118C000F43383 /* makecards_puzzle4_storyboard5_icon@2x.png in Resources */,
				84BDCF662BB116F500F43383 /* number_four_style_3.plist in Resources */,
				84BDCFE42BB16EF200F43383 /* number_three_style_3.json in Resources */,
				84BDCF742BB116F500F43383 /* number_two_style_5.plist in Resources */,
				84BDCF672BB116F500F43383 /* number_four_style_4.plist in Resources */,
				84BDCFC82BB118C000F43383 /* makecards_puzzle3_storyboard3_icon@2x.png in Resources */,
				84BDCF682BB116F500F43383 /* number_four_style_5.plist in Resources */,
				84BDCFC12BB118C000F43383 /* makecards_puzzle4_storyboard6_icon.png in Resources */,
				84BDCFBD2BB118C000F43383 /* makecards_puzzle4_storyboard4_icon.png in Resources */,
				84BDCFD62BB118C000F43383 /* makecards_puzzle_storyboard4_icon@2x.png in Resources */,
				84CB9E9A2BAC1F7900E29794 /* test2.JPG in Resources */,
				84BDCFCA2BB118C000F43383 /* makecards_puzzle3_storyboard4_icon@2x.png in Resources */,
				84BDCFC22BB118C000F43383 /* makecards_puzzle4_storyboard6_icon@2x.png in Resources */,
				84BDCFB32BB118C000F43383 /* makecards_puzzle5_storyboard5_icon.png in Resources */,
				84BDCF712BB116F500F43383 /* number_two_style_2.plist in Resources */,
				84BDCFBF2BB118C000F43383 /* makecards_puzzle4_storyboard5_icon.png in Resources */,
				84BDCF692BB116F500F43383 /* number_four_style_6.plist in Resources */,
				84BDCFC42BB118C000F43383 /* makecards_puzzle3_storyboard1_icon@2x.png in Resources */,
				84BDCF6D2BB116F500F43383 /* number_three_style_4.plist in Resources */,
				84BDCFD12BB118C000F43383 /* makecards_puzzle_storyboard2_icon.png in Resources */,
				84CB9EA22BAC514F00E29794 /* test3.jpg in Resources */,
				84BDCF702BB116F500F43383 /* number_two_style_1.plist in Resources */,
				84BDCF602BB116F500F43383 /* number_five_style_3.plist in Resources */,
				84BDCF6A2BB116F500F43383 /* number_three_style_1.plist in Resources */,
				84BDCF652BB116F500F43383 /* number_four_style_2.plist in Resources */,
			);
			runOnlyForDeploymentPostprocessing = 0;
		};
/* End PBXResourcesBuildPhase section */

/* Begin PBXShellScriptBuildPhase section */
		19D176C68D1D6209713F396D /* [CP] Embed Pods Frameworks */ = {
			isa = PBXShellScriptBuildPhase;
			buildActionMask = 2147483647;
			files = (
			);
			inputFileListPaths = (
				"${PODS_ROOT}/Target Support Files/Pods-XLLightMagic/Pods-XLLightMagic-frameworks-${CONFIGURATION}-input-files.xcfilelist",
			);
			name = "[CP] Embed Pods Frameworks";
			outputFileListPaths = (
				"${PODS_ROOT}/Target Support Files/Pods-XLLightMagic/Pods-XLLightMagic-frameworks-${CONFIGURATION}-output-files.xcfilelist",
			);
			runOnlyForDeploymentPostprocessing = 0;
			shellPath = /bin/sh;
			shellScript = "\"${PODS_ROOT}/Target Support Files/Pods-XLLightMagic/Pods-XLLightMagic-frameworks.sh\"\n";
			showEnvVarsInLog = 0;
		};
		D306D6C9FC1A04ED3F548D17 /* [CP] Check Pods Manifest.lock */ = {
			isa = PBXShellScriptBuildPhase;
			buildActionMask = 2147483647;
			files = (
			);
			inputFileListPaths = (
			);
			inputPaths = (
				"${PODS_PODFILE_DIR_PATH}/Podfile.lock",
				"${PODS_ROOT}/Manifest.lock",
			);
			name = "[CP] Check Pods Manifest.lock";
			outputFileListPaths = (
			);
			outputPaths = (
				"$(DERIVED_FILE_DIR)/Pods-XLLightMagic-checkManifestLockResult.txt",
			);
			runOnlyForDeploymentPostprocessing = 0;
			shellPath = /bin/sh;
			shellScript = "diff \"${PODS_PODFILE_DIR_PATH}/Podfile.lock\" \"${PODS_ROOT}/Manifest.lock\" > /dev/null\nif [ $? != 0 ] ; then\n    # print error to STDERR\n    echo \"error: The sandbox is not in sync with the Podfile.lock. Run 'pod install' or update your CocoaPods installation.\" >&2\n    exit 1\nfi\n# This output is used by Xcode 'outputs' to avoid re-running this script phase.\necho \"SUCCESS\" > \"${SCRIPT_OUTPUT_FILE_0}\"\n";
			showEnvVarsInLog = 0;
		};
/* End PBXShellScriptBuildPhase section */

/* Begin PBXSourcesBuildPhase section */
		840EC7EF2BAAC6810049B06A /* Sources */ = {
			isa = PBXSourcesBuildPhase;
			buildActionMask = 2147483647;
			files = (
				840EC8222BAACC980049B06A /* UIBarButtonItemExtension.swift in Sources */,
				84BDCFE02BB11E9200F43383 /* XBoardLayoutCell.swift in Sources */,
				840EC8292BAAD0620049B06A /* XNavigationController.swift in Sources */,
				840EC8132BAACBC10049B06A /* Global.swift in Sources */,
				84CB9E9E2BAC20D300E29794 /* XTestImageEditView.swift in Sources */,
				840EC8232BAACC980049B06A /* DispatchQueueExtension.swift in Sources */,
				84BDCFE82BB179F100F43383 /* XTemplateTools.swift in Sources */,
				840EC8242BAACC980049B06A /* DictionaryExtension.swift in Sources */,
				840EC8272BAACF9D0049B06A /* XTabBarController.swift in Sources */,
				841CE1192BB276AD0031A93A /* XProportionEnum.swift in Sources */,
				840EC81D2BAACC980049B06A /* ArrayExtensions.swift in Sources */,
				849144CD2BAFD7FA00444DD1 /* XBaseView.swift in Sources */,
				84CB9E962BABD55800E29794 /* XBaseTableViewCell.swift in Sources */,
				840EC8252BAACC980049B06A /* UIImageExtensions.swift in Sources */,
				840EC82B2BAAD0D30049B06A /* XWebViewController.swift in Sources */,
				840EC81E2BAACC980049B06A /* StringExtension.swift in Sources */,
				84BDCFDC2BB11D1A00F43383 /* XBaseCollectionViewCell.swift in Sources */,
				840EC82D2BAAD7670049B06A /* TestVC.swift in Sources */,
				84CB9EA42BAC5C9300E29794 /* XImageEditView.swift in Sources */,
				840EC8202BAACC980049B06A /* UIColorExtension.swift in Sources */,
				84CB9E902BAADF5F00E29794 /* XModel.swift in Sources */,
				841CE1242BB43A2D0031A93A /* XSuccessView.swift in Sources */,
				840EC81F2BAACC980049B06A /* UIDeviceExtension.swift in Sources */,
				841CE1212BB421BE0031A93A /* XHUD.swift in Sources */,
				84BDCFE62BB1704000F43383 /* XTemplateModel.swift in Sources */,
				849144CF2BAFDA4300444DD1 /* XBaseEditView.swift in Sources */,
				849144D82BAFF7D200444DD1 /* XEditInfo.swift in Sources */,
				84BDCFE22BB11FEC00F43383 /* XBoardListView.swift in Sources */,
				840EC8212BAACC980049B06A /* UIViewExtension.swift in Sources */,
				840EC7F72BAAC6810049B06A /* AppDelegate.swift in Sources */,
				84CB9EA02BAC239700E29794 /* XPuzzleViewController.swift in Sources */,
				840EC8112BAACAF20049B06A /* XBaseViewController.swift in Sources */,
				849144D32BAFDEBC00444DD1 /* XNormalLayoutView.swift in Sources */,
				841CE11B2BB3C14D0031A93A /* XEditContainerView.swift in Sources */,
				849144D62BAFF1F900444DD1 /* CommonEnum.swift in Sources */,
				841CE11F2BB41B2D0031A93A /* UIScrollViewExtensions.swift in Sources */,
				84CB9E922BAAE30900E29794 /* XAPI.swift in Sources */,
			);
			runOnlyForDeploymentPostprocessing = 0;
		};
/* End PBXSourcesBuildPhase section */

/* Begin PBXVariantGroup section */
		840EC8012BAAC6840049B06A /* LaunchScreen.storyboard */ = {
			isa = PBXVariantGroup;
			children = (
				840EC8022BAAC6840049B06A /* Base */,
			);
			name = LaunchScreen.storyboard;
			sourceTree = "<group>";
		};
/* End PBXVariantGroup section */

/* Begin XCBuildConfiguration section */
		840EC8052BAAC6840049B06A /* Debug */ = {
			isa = XCBuildConfiguration;
			buildSettings = {
				ALWAYS_SEARCH_USER_PATHS = NO;
				CLANG_ANALYZER_NONNULL = YES;
				CLANG_ANALYZER_NUMBER_OBJECT_CONVERSION = YES_AGGRESSIVE;
				CLANG_CXX_LANGUAGE_STANDARD = "gnu++20";
				CLANG_ENABLE_MODULES = YES;
				CLANG_ENABLE_OBJC_ARC = YES;
				CLANG_ENABLE_OBJC_WEAK = YES;
				CLANG_WARN_BLOCK_CAPTURE_AUTORELEASING = YES;
				CLANG_WARN_BOOL_CONVERSION = YES;
				CLANG_WARN_COMMA = YES;
				CLANG_WARN_CONSTANT_CONVERSION = YES;
				CLANG_WARN_DEPRECATED_OBJC_IMPLEMENTATIONS = YES;
				CLANG_WARN_DIRECT_OBJC_ISA_USAGE = YES_ERROR;
				CLANG_WARN_DOCUMENTATION_COMMENTS = YES;
				CLANG_WARN_EMPTY_BODY = YES;
				CLANG_WARN_ENUM_CONVERSION = YES;
				CLANG_WARN_INFINITE_RECURSION = YES;
				CLANG_WARN_INT_CONVERSION = YES;
				CLANG_WARN_NON_LITERAL_NULL_CONVERSION = YES;
				CLANG_WARN_OBJC_IMPLICIT_RETAIN_SELF = YES;
				CLANG_WARN_OBJC_LITERAL_CONVERSION = YES;
				CLANG_WARN_OBJC_ROOT_CLASS = YES_ERROR;
				CLANG_WARN_QUOTED_INCLUDE_IN_FRAMEWORK_HEADER = YES;
				CLANG_WARN_RANGE_LOOP_ANALYSIS = YES;
				CLANG_WARN_STRICT_PROTOTYPES = YES;
				CLANG_WARN_SUSPICIOUS_MOVE = YES;
				CLANG_WARN_UNGUARDED_AVAILABILITY = YES_AGGRESSIVE;
				CLANG_WARN_UNREACHABLE_CODE = YES;
				CLANG_WARN__DUPLICATE_METHOD_MATCH = YES;
				COPY_PHASE_STRIP = NO;
				DEBUG_INFORMATION_FORMAT = dwarf;
				ENABLE_STRICT_OBJC_MSGSEND = YES;
				ENABLE_TESTABILITY = YES;
				GCC_C_LANGUAGE_STANDARD = gnu11;
				GCC_DYNAMIC_NO_PIC = NO;
				GCC_NO_COMMON_BLOCKS = YES;
				GCC_OPTIMIZATION_LEVEL = 0;
				GCC_PREPROCESSOR_DEFINITIONS = (
					"DEBUG=1",
					"$(inherited)",
				);
				GCC_WARN_64_TO_32_BIT_CONVERSION = YES;
				GCC_WARN_ABOUT_RETURN_TYPE = YES_ERROR;
				GCC_WARN_UNDECLARED_SELECTOR = YES;
				GCC_WARN_UNINITIALIZED_AUTOS = YES_AGGRESSIVE;
				GCC_WARN_UNUSED_FUNCTION = YES;
				GCC_WARN_UNUSED_VARIABLE = YES;
				IPHONEOS_DEPLOYMENT_TARGET = 16.2;
				MTL_ENABLE_DEBUG_INFO = INCLUDE_SOURCE;
				MTL_FAST_MATH = YES;
				ONLY_ACTIVE_ARCH = YES;
				SDKROOT = iphoneos;
				SWIFT_ACTIVE_COMPILATION_CONDITIONS = DEBUG;
				SWIFT_OPTIMIZATION_LEVEL = "-Onone";
			};
			name = Debug;
		};
		840EC8062BAAC6840049B06A /* Release */ = {
			isa = XCBuildConfiguration;
			buildSettings = {
				ALWAYS_SEARCH_USER_PATHS = NO;
				CLANG_ANALYZER_NONNULL = YES;
				CLANG_ANALYZER_NUMBER_OBJECT_CONVERSION = YES_AGGRESSIVE;
				CLANG_CXX_LANGUAGE_STANDARD = "gnu++20";
				CLANG_ENABLE_MODULES = YES;
				CLANG_ENABLE_OBJC_ARC = YES;
				CLANG_ENABLE_OBJC_WEAK = YES;
				CLANG_WARN_BLOCK_CAPTURE_AUTORELEASING = YES;
				CLANG_WARN_BOOL_CONVERSION = YES;
				CLANG_WARN_COMMA = YES;
				CLANG_WARN_CONSTANT_CONVERSION = YES;
				CLANG_WARN_DEPRECATED_OBJC_IMPLEMENTATIONS = YES;
				CLANG_WARN_DIRECT_OBJC_ISA_USAGE = YES_ERROR;
				CLANG_WARN_DOCUMENTATION_COMMENTS = YES;
				CLANG_WARN_EMPTY_BODY = YES;
				CLANG_WARN_ENUM_CONVERSION = YES;
				CLANG_WARN_INFINITE_RECURSION = YES;
				CLANG_WARN_INT_CONVERSION = YES;
				CLANG_WARN_NON_LITERAL_NULL_CONVERSION = YES;
				CLANG_WARN_OBJC_IMPLICIT_RETAIN_SELF = YES;
				CLANG_WARN_OBJC_LITERAL_CONVERSION = YES;
				CLANG_WARN_OBJC_ROOT_CLASS = YES_ERROR;
				CLANG_WARN_QUOTED_INCLUDE_IN_FRAMEWORK_HEADER = YES;
				CLANG_WARN_RANGE_LOOP_ANALYSIS = YES;
				CLANG_WARN_STRICT_PROTOTYPES = YES;
				CLANG_WARN_SUSPICIOUS_MOVE = YES;
				CLANG_WARN_UNGUARDED_AVAILABILITY = YES_AGGRESSIVE;
				CLANG_WARN_UNREACHABLE_CODE = YES;
				CLANG_WARN__DUPLICATE_METHOD_MATCH = YES;
				COPY_PHASE_STRIP = NO;
				DEBUG_INFORMATION_FORMAT = "dwarf-with-dsym";
				ENABLE_NS_ASSERTIONS = NO;
				ENABLE_STRICT_OBJC_MSGSEND = YES;
				GCC_C_LANGUAGE_STANDARD = gnu11;
				GCC_NO_COMMON_BLOCKS = YES;
				GCC_WARN_64_TO_32_BIT_CONVERSION = YES;
				GCC_WARN_ABOUT_RETURN_TYPE = YES_ERROR;
				GCC_WARN_UNDECLARED_SELECTOR = YES;
				GCC_WARN_UNINITIALIZED_AUTOS = YES_AGGRESSIVE;
				GCC_WARN_UNUSED_FUNCTION = YES;
				GCC_WARN_UNUSED_VARIABLE = YES;
				IPHONEOS_DEPLOYMENT_TARGET = 16.2;
				MTL_ENABLE_DEBUG_INFO = NO;
				MTL_FAST_MATH = YES;
				SDKROOT = iphoneos;
				SWIFT_COMPILATION_MODE = wholemodule;
				SWIFT_OPTIMIZATION_LEVEL = "-O";
				VALIDATE_PRODUCT = YES;
			};
			name = Release;
		};
		840EC8082BAAC6840049B06A /* Debug */ = {
			isa = XCBuildConfiguration;
			baseConfigurationReference = 9AE379581CA02E9DEBD3801F /* Pods-XLLightMagic.debug.xcconfig */;
			buildSettings = {
				ASSETCATALOG_COMPILER_APPICON_NAME = AppIcon;
				ASSETCATALOG_COMPILER_GLOBAL_ACCENT_COLOR_NAME = AccentColor;
				CODE_SIGN_STYLE = Automatic;
				CURRENT_PROJECT_VERSION = 1;
				DEVELOPMENT_TEAM = 52V34UT472;
				GENERATE_INFOPLIST_FILE = YES;
				INFOPLIST_FILE = XLLightMagic/Info.plist;
				INFOPLIST_KEY_NSCameraUsageDescription = "";
				INFOPLIST_KEY_NSMicrophoneUsageDescription = "";
				INFOPLIST_KEY_NSPhotoLibraryAddUsageDescription = "";
				INFOPLIST_KEY_NSPhotoLibraryUsageDescription = "";
				INFOPLIST_KEY_UIApplicationSupportsIndirectInputEvents = YES;
				INFOPLIST_KEY_UILaunchStoryboardName = LaunchScreen;
				INFOPLIST_KEY_UISupportedInterfaceOrientations_iPad = "UIInterfaceOrientationPortrait UIInterfaceOrientationPortraitUpsideDown UIInterfaceOrientationLandscapeLeft UIInterfaceOrientationLandscapeRight";
				INFOPLIST_KEY_UISupportedInterfaceOrientations_iPhone = "UIInterfaceOrientationPortrait UIInterfaceOrientationLandscapeLeft UIInterfaceOrientationLandscapeRight";
				INFOPLIST_KEY_UIUserInterfaceStyle = Light;
				IPHONEOS_DEPLOYMENT_TARGET = 15.0;
				LD_RUNPATH_SEARCH_PATHS = (
					"$(inherited)",
					"@executable_path/Frameworks",
				);
				MARKETING_VERSION = 1.0;
				PRODUCT_BUNDLE_IDENTIFIER = LightMagic.XLLightMagic;
				PRODUCT_NAME = "$(TARGET_NAME)";
				SWIFT_EMIT_LOC_STRINGS = YES;
				SWIFT_VERSION = 5.0;
				TARGETED_DEVICE_FAMILY = "1,2";
			};
			name = Debug;
		};
		840EC8092BAAC6840049B06A /* Release */ = {
			isa = XCBuildConfiguration;
			baseConfigurationReference = D84C779B1469A4141FBE057A /* Pods-XLLightMagic.release.xcconfig */;
			buildSettings = {
				ASSETCATALOG_COMPILER_APPICON_NAME = AppIcon;
				ASSETCATALOG_COMPILER_GLOBAL_ACCENT_COLOR_NAME = AccentColor;
				CODE_SIGN_STYLE = Automatic;
				CURRENT_PROJECT_VERSION = 1;
				DEVELOPMENT_TEAM = 52V34UT472;
				GENERATE_INFOPLIST_FILE = YES;
				INFOPLIST_FILE = XLLightMagic/Info.plist;
				INFOPLIST_KEY_NSCameraUsageDescription = "";
				INFOPLIST_KEY_NSMicrophoneUsageDescription = "";
				INFOPLIST_KEY_NSPhotoLibraryAddUsageDescription = "";
				INFOPLIST_KEY_NSPhotoLibraryUsageDescription = "";
				INFOPLIST_KEY_UIApplicationSupportsIndirectInputEvents = YES;
				INFOPLIST_KEY_UILaunchStoryboardName = LaunchScreen;
				INFOPLIST_KEY_UISupportedInterfaceOrientations_iPad = "UIInterfaceOrientationPortrait UIInterfaceOrientationPortraitUpsideDown UIInterfaceOrientationLandscapeLeft UIInterfaceOrientationLandscapeRight";
				INFOPLIST_KEY_UISupportedInterfaceOrientations_iPhone = "UIInterfaceOrientationPortrait UIInterfaceOrientationLandscapeLeft UIInterfaceOrientationLandscapeRight";
				INFOPLIST_KEY_UIUserInterfaceStyle = Light;
				IPHONEOS_DEPLOYMENT_TARGET = 15.0;
				LD_RUNPATH_SEARCH_PATHS = (
					"$(inherited)",
					"@executable_path/Frameworks",
				);
				MARKETING_VERSION = 1.0;
				PRODUCT_BUNDLE_IDENTIFIER = LightMagic.XLLightMagic;
				PRODUCT_NAME = "$(TARGET_NAME)";
				SWIFT_EMIT_LOC_STRINGS = YES;
				SWIFT_VERSION = 5.0;
				TARGETED_DEVICE_FAMILY = "1,2";
			};
			name = Release;
		};
/* End XCBuildConfiguration section */

/* Begin XCConfigurationList section */
		840EC7EE2BAAC6810049B06A /* Build configuration list for PBXProject "XLLightMagic" */ = {
			isa = XCConfigurationList;
			buildConfigurations = (
				840EC8052BAAC6840049B06A /* Debug */,
				840EC8062BAAC6840049B06A /* Release */,
			);
			defaultConfigurationIsVisible = 0;
			defaultConfigurationName = Release;
		};
		840EC8072BAAC6840049B06A /* Build configuration list for PBXNativeTarget "XLLightMagic" */ = {
			isa = XCConfigurationList;
			buildConfigurations = (
				840EC8082BAAC6840049B06A /* Debug */,
				840EC8092BAAC6840049B06A /* Release */,
			);
			defaultConfigurationIsVisible = 0;
			defaultConfigurationName = Release;
		};
/* End XCConfigurationList section */
	};
	rootObject = 840EC7EB2BAAC6810049B06A /* Project object */;
}
